// !$*UTF8*$!
{
	archiveVersion = 1;
	classes = {
	};
	objectVersion = 46;
	objects = {

/* Begin PBXBuildFile section */
		F361C6631AC461710092E75F /* AppDelegate.swift in Sources */ = {isa = PBXBuildFile; fileRef = F361C6621AC461710092E75F /* AppDelegate.swift */; };
		F361C6651AC461710092E75F /* ViewController.swift in Sources */ = {isa = PBXBuildFile; fileRef = F361C6641AC461710092E75F /* ViewController.swift */; };
		F361C6681AC461710092E75F /* Main.storyboard in Resources */ = {isa = PBXBuildFile; fileRef = F361C6661AC461710092E75F /* Main.storyboard */; };
		F361C66A1AC461710092E75F /* Images.xcassets in Resources */ = {isa = PBXBuildFile; fileRef = F361C6691AC461710092E75F /* Images.xcassets */; };
		F361C66D1AC461710092E75F /* LaunchScreen.xib in Resources */ = {isa = PBXBuildFile; fileRef = F361C66B1AC461710092E75F /* LaunchScreen.xib */; };
		F361C6791AC461710092E75F /* SynchronizingThreadsTests.swift in Sources */ = {isa = PBXBuildFile; fileRef = F361C6781AC461710092E75F /* SynchronizingThreadsTests.swift */; };
/* End PBXBuildFile section */

/* Begin PBXContainerItemProxy section */
		F361C6731AC461710092E75F /* PBXContainerItemProxy */ = {
			isa = PBXContainerItemProxy;
			containerPortal = F361C6551AC461710092E75F /* Project object */;
			proxyType = 1;
			remoteGlobalIDString = F361C65C1AC461710092E75F;
			remoteInfo = SynchronizingThreads;
		};
/* End PBXContainerItemProxy section */

/* Begin PBXFileReference section */
		F361C65D1AC461710092E75F /* SynchronizingThreads.app */ = {isa = PBXFileReference; explicitFileType = wrapper.application; includeInIndex = 0; path = SynchronizingThreads.app; sourceTree = BUILT_PRODUCTS_DIR; };
		F361C6611AC461710092E75F /* Info.plist */ = {isa = PBXFileReference; lastKnownFileType = text.plist.xml; path = Info.plist; sourceTree = "<group>"; };
		F361C6621AC461710092E75F /* AppDelegate.swift */ = {isa = PBXFileReference; lastKnownFileType = sourcecode.swift; path = AppDelegate.swift; sourceTree = "<group>"; };
		F361C6641AC461710092E75F /* ViewController.swift */ = {isa = PBXFileReference; lastKnownFileType = sourcecode.swift; path = ViewController.swift; sourceTree = "<group>"; };
		F361C6671AC461710092E75F /* Base */ = {isa = PBXFileReference; lastKnownFileType = file.storyboard; name = Base; path = Base.lproj/Main.storyboard; sourceTree = "<group>"; };
		F361C6691AC461710092E75F /* Images.xcassets */ = {isa = PBXFileReference; lastKnownFileType = folder.assetcatalog; path = Images.xcassets; sourceTree = "<group>"; };
		F361C66C1AC461710092E75F /* Base */ = {isa = PBXFileReference; lastKnownFileType = file.xib; name = Base; path = Base.lproj/LaunchScreen.xib; sourceTree = "<group>"; };
		F361C6721AC461710092E75F /* SynchronizingThreadsTests.xctest */ = {isa = PBXFileReference; explicitFileType = wrapper.cfbundle; includeInIndex = 0; path = SynchronizingThreadsTests.xctest; sourceTree = BUILT_PRODUCTS_DIR; };
		F361C6771AC461710092E75F /* Info.plist */ = {isa = PBXFileReference; lastKnownFileType = text.plist.xml; path = Info.plist; sourceTree = "<group>"; };
		F361C6781AC461710092E75F /* SynchronizingThreadsTests.swift */ = {isa = PBXFileReference; lastKnownFileType = sourcecode.swift; path = SynchronizingThreadsTests.swift; sourceTree = "<group>"; };
/* End PBXFileReference section */

/* Begin PBXFrameworksBuildPhase section */
		F361C65A1AC461710092E75F /* Frameworks */ = {
			isa = PBXFrameworksBuildPhase;
			buildActionMask = 2147483647;
			files = (
			);
			runOnlyForDeploymentPostprocessing = 0;
		};
		F361C66F1AC461710092E75F /* Frameworks */ = {
			isa = PBXFrameworksBuildPhase;
			buildActionMask = 2147483647;
			files = (
			);
			runOnlyForDeploymentPostprocessing = 0;
		};
/* End PBXFrameworksBuildPhase section */

/* Begin PBXGroup section */
		F361C6541AC461710092E75F = {
			isa = PBXGroup;
			children = (
				F361C65F1AC461710092E75F /* SynchronizingThreads */,
				F361C6751AC461710092E75F /* SynchronizingThreadsTests */,
				F361C65E1AC461710092E75F /* Products */,
			);
			sourceTree = "<group>";
		};
		F361C65E1AC461710092E75F /* Products */ = {
			isa = PBXGroup;
			children = (
				F361C65D1AC461710092E75F /* SynchronizingThreads.app */,
				F361C6721AC461710092E75F /* SynchronizingThreadsTests.xctest */,
			);
			name = Products;
			sourceTree = "<group>";
		};
		F361C65F1AC461710092E75F /* SynchronizingThreads */ = {
			isa = PBXGroup;
			children = (
				F361C6621AC461710092E75F /* AppDelegate.swift */,
				F361C6641AC461710092E75F /* ViewController.swift */,
				F361C6661AC461710092E75F /* Main.storyboard */,
				F361C6691AC461710092E75F /* Images.xcassets */,
				F361C66B1AC461710092E75F /* LaunchScreen.xib */,
				F361C6601AC461710092E75F /* Supporting Files */,
			);
			path = SynchronizingThreads;
			sourceTree = "<group>";
		};
		F361C6601AC461710092E75F /* Supporting Files */ = {
			isa = PBXGroup;
			children = (
				F361C6611AC461710092E75F /* Info.plist */,
			);
			name = "Supporting Files";
			sourceTree = "<group>";
		};
		F361C6751AC461710092E75F /* SynchronizingThreadsTests */ = {
			isa = PBXGroup;
			children = (
				F361C6781AC461710092E75F /* SynchronizingThreadsTests.swift */,
				F361C6761AC461710092E75F /* Supporting Files */,
			);
			path = SynchronizingThreadsTests;
			sourceTree = "<group>";
		};
		F361C6761AC461710092E75F /* Supporting Files */ = {
			isa = PBXGroup;
			children = (
				F361C6771AC461710092E75F /* Info.plist */,
			);
			name = "Supporting Files";
			sourceTree = "<group>";
		};
/* End PBXGroup section */

/* Begin PBXNativeTarget section */
		F361C65C1AC461710092E75F /* SynchronizingThreads */ = {
			isa = PBXNativeTarget;
			buildConfigurationList = F361C67C1AC461710092E75F /* Build configuration list for PBXNativeTarget "SynchronizingThreads" */;
			buildPhases = (
				F361C6591AC461710092E75F /* Sources */,
				F361C65A1AC461710092E75F /* Frameworks */,
				F361C65B1AC461710092E75F /* Resources */,
			);
			buildRules = (
			);
			dependencies = (
			);
			name = SynchronizingThreads;
			productName = SynchronizingThreads;
			productReference = F361C65D1AC461710092E75F /* SynchronizingThreads.app */;
			productType = "com.apple.product-type.application";
		};
		F361C6711AC461710092E75F /* SynchronizingThreadsTests */ = {
			isa = PBXNativeTarget;
			buildConfigurationList = F361C67F1AC461710092E75F /* Build configuration list for PBXNativeTarget "SynchronizingThreadsTests" */;
			buildPhases = (
				F361C66E1AC461710092E75F /* Sources */,
				F361C66F1AC461710092E75F /* Frameworks */,
				F361C6701AC461710092E75F /* Resources */,
			);
			buildRules = (
			);
			dependencies = (
				F361C6741AC461710092E75F /* PBXTargetDependency */,
			);
			name = SynchronizingThreadsTests;
			productName = SynchronizingThreadsTests;
			productReference = F361C6721AC461710092E75F /* SynchronizingThreadsTests.xctest */;
			productType = "com.apple.product-type.bundle.unit-test";
		};
/* End PBXNativeTarget section */

/* Begin PBXProject section */
		F361C6551AC461710092E75F /* Project object */ = {
			isa = PBXProject;
			attributes = {
				LastUpgradeCheck = 0620;
				ORGANIZATIONNAME = Apress;
				TargetAttributes = {
					F361C65C1AC461710092E75F = {
						CreatedOnToolsVersion = 6.2;
					};
					F361C6711AC461710092E75F = {
						CreatedOnToolsVersion = 6.2;
						TestTargetID = F361C65C1AC461710092E75F;
					};
				};
			};
			buildConfigurationList = F361C6581AC461710092E75F /* Build configuration list for PBXProject "SynchronizingThreads" */;
			compatibilityVersion = "Xcode 3.2";
			developmentRegion = English;
			hasScannedForEncodings = 0;
			knownRegions = (
				en,
				Base,
			);
			mainGroup = F361C6541AC461710092E75F;
			productRefGroup = F361C65E1AC461710092E75F /* Products */;
			projectDirPath = "";
			projectRoot = "";
			targets = (
				F361C65C1AC461710092E75F /* SynchronizingThreads */,
				F361C6711AC461710092E75F /* SynchronizingThreadsTests */,
			);
		};
/* End PBXProject section */

/* Begin PBXResourcesBuildPhase section */
		F361C65B1AC461710092E75F /* Resources */ = {
			isa = PBXResourcesBuildPhase;
			buildActionMask = 2147483647;
			files = (
				F361C6681AC461710092E75F /* Main.storyboard in Resources */,
				F361C66D1AC461710092E75F /* LaunchScreen.xib in Resources */,
				F361C66A1AC461710092E75F /* Images.xcassets in Resources */,
			);
			runOnlyForDeploymentPostprocessing = 0;
		};
		F361C6701AC461710092E75F /* Resources */ = {
			isa = PBXResourcesBuildPhase;
			buildActionMask = 2147483647;
			files = (
			);
			runOnlyForDeploymentPostprocessing = 0;
		};
/* End PBXResourcesBuildPhase section */

/* Begin PBXSourcesBuildPhase section */
		F361C6591AC461710092E75F /* Sources */ = {
			isa = PBXSourcesBuildPhase;
			buildActionMask = 2147483647;
			files = (
				F361C6651AC461710092E75F /* ViewController.swift in Sources */,
				F361C6631AC461710092E75F /* AppDelegate.swift in Sources */,
			);
			runOnlyForDeploymentPostprocessing = 0;
		};
		F361C66E1AC461710092E75F /* Sources */ = {
			isa = PBXSourcesBuildPhase;
			buildActionMask = 2147483647;
			files = (
				F361C6791AC461710092E75F /* SynchronizingThreadsTests.swift in Sources */,
			);
			runOnlyForDeploymentPostprocessing = 0;
		};
/* End PBXSourcesBuildPhase section */

/* Begin PBXTargetDependency section */
		F361C6741AC461710092E75F /* PBXTargetDependency */ = {
			isa = PBXTargetDependency;
			target = F361C65C1AC461710092E75F /* SynchronizingThreads */;
			targetProxy = F361C6731AC461710092E75F /* PBXContainerItemProxy */;
		};
/* End PBXTargetDependency section */

/* Begin PBXVariantGroup section */
		F361C6661AC461710092E75F /* Main.storyboard */ = {
			isa = PBXVariantGroup;
			children = (
				F361C6671AC461710092E75F /* Base */,
			);
			name = Main.storyboard;
			sourceTree = "<group>";
		};
		F361C66B1AC461710092E75F /* LaunchScreen.xib */ = {
			isa = PBXVariantGroup;
			children = (
				F361C66C1AC461710092E75F /* Base */,
			);
			name = LaunchScreen.xib;
			sourceTree = "<group>";
		};
/* End PBXVariantGroup section */

/* Begin XCBuildConfiguration section */
		F361C67A1AC461710092E75F /* Debug */ = {
			isa = XCBuildConfiguration;
			buildSettings = {
				ALWAYS_SEARCH_USER_PATHS = NO;
				CLANG_CXX_LANGUAGE_STANDARD = "gnu++0x";
				CLANG_CXX_LIBRARY = "libc++";
				CLANG_ENABLE_MODULES = YES;
				CLANG_ENABLE_OBJC_ARC = YES;
				CLANG_WARN_BOOL_CONVERSION = YES;
				CLANG_WARN_CONSTANT_CONVERSION = YES;
				CLANG_WARN_DIRECT_OBJC_ISA_USAGE = YES_ERROR;
				CLANG_WARN_EMPTY_BODY = YES;
				CLANG_WARN_ENUM_CONVERSION = YES;
				CLANG_WARN_INT_CONVERSION = YES;
				CLANG_WARN_OBJC_ROOT_CLASS = YES_ERROR;
				CLANG_WARN_UNREACHABLE_CODE = YES;
				CLANG_WARN__DUPLICATE_METHOD_MATCH = YES;
				"CODE_SIGN_IDENTITY[sdk=iphoneos*]" = "iPhone Developer";
				COPY_PHASE_STRIP = NO;
				ENABLE_STRICT_OBJC_MSGSEND = YES;
				GCC_C_LANGUAGE_STANDARD = gnu99;
				GCC_DYNAMIC_NO_PIC = NO;
				GCC_OPTIMIZATION_LEVEL = 0;
				GCC_PREPROCESSOR_DEFINITIONS = (
					"DEBUG=1",
					"$(inherited)",
				);
				GCC_SYMBOLS_PRIVATE_EXTERN = NO;
				GCC_WARN_64_TO_32_BIT_CONVERSION = YES;
				GCC_WARN_ABOUT_RETURN_TYPE = YES_ERROR;
				GCC_WARN_UNDECLARED_SELECTOR = YES;
				GCC_WARN_UNINITIALIZED_AUTOS = YES_AGGRESSIVE;
				GCC_WARN_UNUSED_FUNCTION = YES;
				GCC_WARN_UNUSED_VARIABLE = YES;
				IPHONEOS_DEPLOYMENT_TARGET = 8.2;
				MTL_ENABLE_DEBUG_INFO = YES;
				ONLY_ACTIVE_ARCH = YES;
				SDKROOT = iphoneos;
				SWIFT_OPTIMIZATION_LEVEL = "-Onone";
			};
			name = Debug;
		};
		F361C67B1AC461710092E75F /* Release */ = {
			isa = XCBuildConfiguration;
			buildSettings = {
				ALWAYS_SEARCH_USER_PATHS = NO;
				CLANG_CXX_LANGUAGE_STANDARD = "gnu++0x";
				CLANG_CXX_LIBRARY = "libc++";
				CLANG_ENABLE_MODULES = YES;
				CLANG_ENABLE_OBJC_ARC = YES;
				CLANG_WARN_BOOL_CONVERSION = YES;
				CLANG_WARN_CONSTANT_CONVERSION = YES;
				CLANG_WARN_DIRECT_OBJC_ISA_USAGE = YES_ERROR;
				CLANG_WARN_EMPTY_BODY = YES;
				CLANG_WARN_ENUM_CONVERSION = YES;
				CLANG_WARN_INT_CONVERSION = YES;
				CLANG_WARN_OBJC_ROOT_CLASS = YES_ERROR;
				CLANG_WARN_UNREACHABLE_CODE = YES;
				CLANG_WARN__DUPLICATE_METHOD_MATCH = YES;
				"CODE_SIGN_IDENTITY[sdk=iphoneos*]" = "iPhone Developer";
				COPY_PHASE_STRIP = NO;
				ENABLE_NS_ASSERTIONS = NO;
				ENABLE_STRICT_OBJC_MSGSEND = YES;
				GCC_C_LANGUAGE_STANDARD = gnu99;
				GCC_WARN_64_TO_32_BIT_CONVERSION = YES;
				GCC_WARN_ABOUT_RETURN_TYPE = YES_ERROR;
				GCC_WARN_UNDECLARED_SELECTOR = YES;
				GCC_WARN_UNINITIALIZED_AUTOS = YES_AGGRESSIVE;
				GCC_WARN_UNUSED_FUNCTION = YES;
				GCC_WARN_UNUSED_VARIABLE = YES;
				IPHONEOS_DEPLOYMENT_TARGET = 8.2;
				MTL_ENABLE_DEBUG_INFO = NO;
				SDKROOT = iphoneos;
				VALIDATE_PRODUCT = YES;
			};
			name = Release;
		};
		F361C67D1AC461710092E75F /* Debug */ = {
			isa = XCBuildConfiguration;
			buildSettings = {
				ASSETCATALOG_COMPILER_APPICON_NAME = AppIcon;
				INFOPLIST_FILE = SynchronizingThreads/Info.plist;
				LD_RUNPATH_SEARCH_PATHS = "$(inherited) @executable_path/Frameworks";
				PRODUCT_NAME = "$(TARGET_NAME)";
			};
			name = Debug;
		};
		F361C67E1AC461710092E75F /* Release */ = {
			isa = XCBuildConfiguration;
			buildSettings = {
				ASSETCATALOG_COMPILER_APPICON_NAME = AppIcon;
				INFOPLIST_FILE = SynchronizingThreads/Info.plist;
				LD_RUNPATH_SEARCH_PATHS = "$(inherited) @executable_path/Frameworks";
				PRODUCT_NAME = "$(TARGET_NAME)";
			};
			name = Release;
		};
		F361C6801AC461710092E75F /* Debug */ = {
			isa = XCBuildConfiguration;
			buildSettings = {
				BUNDLE_LOADER = "$(TEST_HOST)";
				FRAMEWORK_SEARCH_PATHS = (
					"$(SDKROOT)/Developer/Library/Frameworks",
					"$(inherited)",
				);
				GCC_PREPROCESSOR_DEFINITIONS = (
					"DEBUG=1",
					"$(inherited)",
				);
				INFOPLIST_FILE = SynchronizingThreadsTests/Info.plist;
				LD_RUNPATH_SEARCH_PATHS = "$(inherited) @executable_path/Frameworks @loader_path/Frameworks";
				PRODUCT_NAME = "$(TARGET_NAME)";
				TEST_HOST = "$(BUILT_PRODUCTS_DIR)/SynchronizingThreads.app/SynchronizingThreads";
			};
			name = Debug;
		};
		F361C6811AC461710092E75F /* Release */ = {
			isa = XCBuildConfiguration;
			buildSettings = {
				BUNDLE_LOADER = "$(TEST_HOST)";
				FRAMEWORK_SEARCH_PATHS = (
					"$(SDKROOT)/Developer/Library/Frameworks",
					"$(inherited)",
				);
				INFOPLIST_FILE = SynchronizingThreadsTests/Info.plist;
				LD_RUNPATH_SEARCH_PATHS = "$(inherited) @executable_path/Frameworks @loader_path/Frameworks";
				PRODUCT_NAME = "$(TARGET_NAME)";
				TEST_HOST = "$(BUILT_PRODUCTS_DIR)/SynchronizingThreads.app/SynchronizingThreads";
			};
			name = Release;
		};
/* End XCBuildConfiguration section */

/* Begin XCConfigurationList section */
		F361C6581AC461710092E75F /* Build configuration list for PBXProject "SynchronizingThreads" */ = {
			isa = XCConfigurationList;
			buildConfigurations = (
				F361C67A1AC461710092E75F /* Debug */,
				F361C67B1AC461710092E75F /* Release */,
			);
			defaultConfigurationIsVisible = 0;
			defaultConfigurationName = Release;
		};
		F361C67C1AC461710092E75F /* Build configuration list for PBXNativeTarget "SynchronizingThreads" */ = {
			isa = XCConfigurationList;
			buildConfigurations = (
				F361C67D1AC461710092E75F /* Debug */,
				F361C67E1AC461710092E75F /* Release */,
			);
			defaultConfigurationIsVisible = 0;
		};
		F361C67F1AC461710092E75F /* Build configuration list for PBXNativeTarget "SynchronizingThreadsTests" */ = {
			isa = XCConfigurationList;
			buildConfigurations = (
				F361C6801AC461710092E75F /* Debug */,
				F361C6811AC461710092E75F /* Release */,
			);
			defaultConfigurationIsVisible = 0;
		};
/* End XCConfigurationList section */
	};
	rootObject = F361C6551AC461710092E75F /* Project object */;
}
