// !$*UTF8*$!
{
	archiveVersion = 1;
	classes = {
	};
	objectVersion = 46;
	objects = {

/* Begin PBXBuildFile section */
		F33B9EC81AACBD9800A685D8 /* AppDelegate.swift in Sources */ = {isa = PBXBuildFile; fileRef = F33B9EC71AACBD9800A685D8 /* AppDelegate.swift */; };
		F33B9ECA1AACBD9800A685D8 /* Images.xcassets in Resources */ = {isa = PBXBuildFile; fileRef = F33B9EC91AACBD9800A685D8 /* Images.xcassets */; };
		F33B9ECD1AACBD9800A685D8 /* MainMenu.xib in Resources */ = {isa = PBXBuildFile; fileRef = F33B9ECB1AACBD9800A685D8 /* MainMenu.xib */; };
		F33B9ED91AACBD9800A685D8 /* ButtonTests.swift in Sources */ = {isa = PBXBuildFile; fileRef = F33B9ED81AACBD9800A685D8 /* ButtonTests.swift */; };
/* End PBXBuildFile section */

/* Begin PBXContainerItemProxy section */
		F33B9ED31AACBD9800A685D8 /* PBXContainerItemProxy */ = {
			isa = PBXContainerItemProxy;
			containerPortal = F33B9EBA1AACBD9800A685D8 /* Project object */;
			proxyType = 1;
			remoteGlobalIDString = F33B9EC11AACBD9800A685D8;
			remoteInfo = Button;
		};
/* End PBXContainerItemProxy section */

/* Begin PBXFileReference section */
		F33B9EC21AACBD9800A685D8 /* Button.app */ = {isa = PBXFileReference; explicitFileType = wrapper.application; includeInIndex = 0; path = Button.app; sourceTree = BUILT_PRODUCTS_DIR; };
		F33B9EC61AACBD9800A685D8 /* Info.plist */ = {isa = PBXFileReference; lastKnownFileType = text.plist.xml; path = Info.plist; sourceTree = "<group>"; };
		F33B9EC71AACBD9800A685D8 /* AppDelegate.swift */ = {isa = PBXFileReference; lastKnownFileType = sourcecode.swift; path = AppDelegate.swift; sourceTree = "<group>"; };
		F33B9EC91AACBD9800A685D8 /* Images.xcassets */ = {isa = PBXFileReference; lastKnownFileType = folder.assetcatalog; path = Images.xcassets; sourceTree = "<group>"; };
		F33B9ECC1AACBD9800A685D8 /* Base */ = {isa = PBXFileReference; lastKnownFileType = file.xib; name = Base; path = Base.lproj/MainMenu.xib; sourceTree = "<group>"; };
		F33B9ED21AACBD9800A685D8 /* ButtonTests.xctest */ = {isa = PBXFileReference; explicitFileType = wrapper.cfbundle; includeInIndex = 0; path = ButtonTests.xctest; sourceTree = BUILT_PRODUCTS_DIR; };
		F33B9ED71AACBD9800A685D8 /* Info.plist */ = {isa = PBXFileReference; lastKnownFileType = text.plist.xml; path = Info.plist; sourceTree = "<group>"; };
		F33B9ED81AACBD9800A685D8 /* ButtonTests.swift */ = {isa = PBXFileReference; lastKnownFileType = sourcecode.swift; path = ButtonTests.swift; sourceTree = "<group>"; };
/* End PBXFileReference section */

/* Begin PBXFrameworksBuildPhase section */
		F33B9EBF1AACBD9800A685D8 /* Frameworks */ = {
			isa = PBXFrameworksBuildPhase;
			buildActionMask = 2147483647;
			files = (
			);
			runOnlyForDeploymentPostprocessing = 0;
		};
		F33B9ECF1AACBD9800A685D8 /* Frameworks */ = {
			isa = PBXFrameworksBuildPhase;
			buildActionMask = 2147483647;
			files = (
			);
			runOnlyForDeploymentPostprocessing = 0;
		};
/* End PBXFrameworksBuildPhase section */

/* Begin PBXGroup section */
		F33B9EB91AACBD9800A685D8 = {
			isa = PBXGroup;
			children = (
				F33B9EC41AACBD9800A685D8 /* Button */,
				F33B9ED51AACBD9800A685D8 /* ButtonTests */,
				F33B9EC31AACBD9800A685D8 /* Products */,
			);
			sourceTree = "<group>";
		};
		F33B9EC31AACBD9800A685D8 /* Products */ = {
			isa = PBXGroup;
			children = (
				F33B9EC21AACBD9800A685D8 /* Button.app */,
				F33B9ED21AACBD9800A685D8 /* ButtonTests.xctest */,
			);
			name = Products;
			sourceTree = "<group>";
		};
		F33B9EC41AACBD9800A685D8 /* Button */ = {
			isa = PBXGroup;
			children = (
				F33B9EC71AACBD9800A685D8 /* AppDelegate.swift */,
				F33B9EC91AACBD9800A685D8 /* Images.xcassets */,
				F33B9ECB1AACBD9800A685D8 /* MainMenu.xib */,
				F33B9EC51AACBD9800A685D8 /* Supporting Files */,
			);
			path = Button;
			sourceTree = "<group>";
		};
		F33B9EC51AACBD9800A685D8 /* Supporting Files */ = {
			isa = PBXGroup;
			children = (
				F33B9EC61AACBD9800A685D8 /* Info.plist */,
			);
			name = "Supporting Files";
			sourceTree = "<group>";
		};
		F33B9ED51AACBD9800A685D8 /* ButtonTests */ = {
			isa = PBXGroup;
			children = (
				F33B9ED81AACBD9800A685D8 /* ButtonTests.swift */,
				F33B9ED61AACBD9800A685D8 /* Supporting Files */,
			);
			path = ButtonTests;
			sourceTree = "<group>";
		};
		F33B9ED61AACBD9800A685D8 /* Supporting Files */ = {
			isa = PBXGroup;
			children = (
				F33B9ED71AACBD9800A685D8 /* Info.plist */,
			);
			name = "Supporting Files";
			sourceTree = "<group>";
		};
/* End PBXGroup section */

/* Begin PBXNativeTarget section */
		F33B9EC11AACBD9800A685D8 /* Button */ = {
			isa = PBXNativeTarget;
			buildConfigurationList = F33B9EDC1AACBD9800A685D8 /* Build configuration list for PBXNativeTarget "Button" */;
			buildPhases = (
				F33B9EBE1AACBD9800A685D8 /* Sources */,
				F33B9EBF1AACBD9800A685D8 /* Frameworks */,
				F33B9EC01AACBD9800A685D8 /* Resources */,
			);
			buildRules = (
			);
			dependencies = (
			);
			name = Button;
			productName = Button;
			productReference = F33B9EC21AACBD9800A685D8 /* Button.app */;
			productType = "com.apple.product-type.application";
		};
		F33B9ED11AACBD9800A685D8 /* ButtonTests */ = {
			isa = PBXNativeTarget;
			buildConfigurationList = F33B9EDF1AACBD9800A685D8 /* Build configuration list for PBXNativeTarget "ButtonTests" */;
			buildPhases = (
				F33B9ECE1AACBD9800A685D8 /* Sources */,
				F33B9ECF1AACBD9800A685D8 /* Frameworks */,
				F33B9ED01AACBD9800A685D8 /* Resources */,
			);
			buildRules = (
			);
			dependencies = (
				F33B9ED41AACBD9800A685D8 /* PBXTargetDependency */,
			);
			name = ButtonTests;
			productName = ButtonTests;
			productReference = F33B9ED21AACBD9800A685D8 /* ButtonTests.xctest */;
			productType = "com.apple.product-type.bundle.unit-test";
		};
/* End PBXNativeTarget section */

/* Begin PBXProject section */
		F33B9EBA1AACBD9800A685D8 /* Project object */ = {
			isa = PBXProject;
			attributes = {
				LastUpgradeCheck = 0610;
				ORGANIZATIONNAME = Apress;
				TargetAttributes = {
					F33B9EC11AACBD9800A685D8 = {
						CreatedOnToolsVersion = 6.1.1;
					};
					F33B9ED11AACBD9800A685D8 = {
						CreatedOnToolsVersion = 6.1.1;
						TestTargetID = F33B9EC11AACBD9800A685D8;
					};
				};
			};
			buildConfigurationList = F33B9EBD1AACBD9800A685D8 /* Build configuration list for PBXProject "Button" */;
			compatibilityVersion = "Xcode 3.2";
			developmentRegion = English;
			hasScannedForEncodings = 0;
			knownRegions = (
				en,
				Base,
			);
			mainGroup = F33B9EB91AACBD9800A685D8;
			productRefGroup = F33B9EC31AACBD9800A685D8 /* Products */;
			projectDirPath = "";
			projectRoot = "";
			targets = (
				F33B9EC11AACBD9800A685D8 /* Button */,
				F33B9ED11AACBD9800A685D8 /* ButtonTests */,
			);
		};
/* End PBXProject section */

/* Begin PBXResourcesBuildPhase section */
		F33B9EC01AACBD9800A685D8 /* Resources */ = {
			isa = PBXResourcesBuildPhase;
			buildActionMask = 2147483647;
			files = (
				F33B9ECA1AACBD9800A685D8 /* Images.xcassets in Resources */,
				F33B9ECD1AACBD9800A685D8 /* MainMenu.xib in Resources */,
			);
			runOnlyForDeploymentPostprocessing = 0;
		};
		F33B9ED01AACBD9800A685D8 /* Resources */ = {
			isa = PBXResourcesBuildPhase;
			buildActionMask = 2147483647;
			files = (
			);
			runOnlyForDeploymentPostprocessing = 0;
		};
/* End PBXResourcesBuildPhase section */

/* Begin PBXSourcesBuildPhase section */
		F33B9EBE1AACBD9800A685D8 /* Sources */ = {
			isa = PBXSourcesBuildPhase;
			buildActionMask = 2147483647;
			files = (
				F33B9EC81AACBD9800A685D8 /* AppDelegate.swift in Sources */,
			);
			runOnlyForDeploymentPostprocessing = 0;
		};
		F33B9ECE1AACBD9800A685D8 /* Sources */ = {
			isa = PBXSourcesBuildPhase;
			buildActionMask = 2147483647;
			files = (
				F33B9ED91AACBD9800A685D8 /* ButtonTests.swift in Sources */,
			);
			runOnlyForDeploymentPostprocessing = 0;
		};
/* End PBXSourcesBuildPhase section */

/* Begin PBXTargetDependency section */
		F33B9ED41AACBD9800A685D8 /* PBXTargetDependency */ = {
			isa = PBXTargetDependency;
			target = F33B9EC11AACBD9800A685D8 /* Button */;
			targetProxy = F33B9ED31AACBD9800A685D8 /* PBXContainerItemProxy */;
		};
/* End PBXTargetDependency section */

/* Begin PBXVariantGroup section */
		F33B9ECB1AACBD9800A685D8 /* MainMenu.xib */ = {
			isa = PBXVariantGroup;
			children = (
				F33B9ECC1AACBD9800A685D8 /* Base */,
			);
			name = MainMenu.xib;
			sourceTree = "<group>";
		};
/* End PBXVariantGroup section */

/* Begin XCBuildConfiguration section */
		F33B9EDA1AACBD9800A685D8 /* Debug */ = {
			isa = XCBuildConfiguration;
			buildSettings = {
				ALWAYS_SEARCH_USER_PATHS = NO;
				CLANG_CXX_LANGUAGE_STANDARD = "gnu++0x";
				CLANG_CXX_LIBRARY = "libc++";
				CLANG_ENABLE_MODULES = YES;
				CLANG_ENABLE_OBJC_ARC = YES;
				CLANG_WARN_BOOL_CONVERSION = YES;
				CLANG_WARN_CONSTANT_CONVERSION = YES;
				CLANG_WARN_DIRECT_OBJC_ISA_USAGE = YES_ERROR;
				CLANG_WARN_EMPTY_BODY = YES;
				CLANG_WARN_ENUM_CONVERSION = YES;
				CLANG_WARN_INT_CONVERSION = YES;
				CLANG_WARN_OBJC_ROOT_CLASS = YES_ERROR;
				CLANG_WARN_UNREACHABLE_CODE = YES;
				CLANG_WARN__DUPLICATE_METHOD_MATCH = YES;
				CODE_SIGN_IDENTITY = "-";
				COPY_PHASE_STRIP = NO;
				ENABLE_STRICT_OBJC_MSGSEND = YES;
				GCC_C_LANGUAGE_STANDARD = gnu99;
				GCC_DYNAMIC_NO_PIC = NO;
				GCC_OPTIMIZATION_LEVEL = 0;
				GCC_PREPROCESSOR_DEFINITIONS = (
					"DEBUG=1",
					"$(inherited)",
				);
				GCC_SYMBOLS_PRIVATE_EXTERN = NO;
				GCC_WARN_64_TO_32_BIT_CONVERSION = YES;
				GCC_WARN_ABOUT_RETURN_TYPE = YES_ERROR;
				GCC_WARN_UNDECLARED_SELECTOR = YES;
				GCC_WARN_UNINITIALIZED_AUTOS = YES_AGGRESSIVE;
				GCC_WARN_UNUSED_FUNCTION = YES;
				GCC_WARN_UNUSED_VARIABLE = YES;
				MACOSX_DEPLOYMENT_TARGET = 10.10;
				MTL_ENABLE_DEBUG_INFO = YES;
				ONLY_ACTIVE_ARCH = YES;
				SDKROOT = macosx;
				SWIFT_OPTIMIZATION_LEVEL = "-Onone";
			};
			name = Debug;
		};
		F33B9EDB1AACBD9800A685D8 /* Release */ = {
			isa = XCBuildConfiguration;
			buildSettings = {
				ALWAYS_SEARCH_USER_PATHS = NO;
				CLANG_CXX_LANGUAGE_STANDARD = "gnu++0x";
				CLANG_CXX_LIBRARY = "libc++";
				CLANG_ENABLE_MODULES = YES;
				CLANG_ENABLE_OBJC_ARC = YES;
				CLANG_WARN_BOOL_CONVERSION = YES;
				CLANG_WARN_CONSTANT_CONVERSION = YES;
				CLANG_WARN_DIRECT_OBJC_ISA_USAGE = YES_ERROR;
				CLANG_WARN_EMPTY_BODY = YES;
				CLANG_WARN_ENUM_CONVERSION = YES;
				CLANG_WARN_INT_CONVERSION = YES;
				CLANG_WARN_OBJC_ROOT_CLASS = YES_ERROR;
				CLANG_WARN_UNREACHABLE_CODE = YES;
				CLANG_WARN__DUPLICATE_METHOD_MATCH = YES;
				CODE_SIGN_IDENTITY = "-";
				COPY_PHASE_STRIP = YES;
				DEBUG_INFORMATION_FORMAT = "dwarf-with-dsym";
				ENABLE_NS_ASSERTIONS = NO;
				ENABLE_STRICT_OBJC_MSGSEND = YES;
				GCC_C_LANGUAGE_STANDARD = gnu99;
				GCC_WARN_64_TO_32_BIT_CONVERSION = YES;
				GCC_WARN_ABOUT_RETURN_TYPE = YES_ERROR;
				GCC_WARN_UNDECLARED_SELECTOR = YES;
				GCC_WARN_UNINITIALIZED_AUTOS = YES_AGGRESSIVE;
				GCC_WARN_UNUSED_FUNCTION = YES;
				GCC_WARN_UNUSED_VARIABLE = YES;
				MACOSX_DEPLOYMENT_TARGET = 10.10;
				MTL_ENABLE_DEBUG_INFO = NO;
				SDKROOT = macosx;
			};
			name = Release;
		};
		F33B9EDD1AACBD9800A685D8 /* Debug */ = {
			isa = XCBuildConfiguration;
			buildSettings = {
				ASSETCATALOG_COMPILER_APPICON_NAME = AppIcon;
				COMBINE_HIDPI_IMAGES = YES;
				INFOPLIST_FILE = Button/Info.plist;
				LD_RUNPATH_SEARCH_PATHS = "$(inherited) @executable_path/../Frameworks";
				PRODUCT_NAME = "$(TARGET_NAME)";
			};
			name = Debug;
		};
		F33B9EDE1AACBD9800A685D8 /* Release */ = {
			isa = XCBuildConfiguration;
			buildSettings = {
				ASSETCATALOG_COMPILER_APPICON_NAME = AppIcon;
				COMBINE_HIDPI_IMAGES = YES;
				INFOPLIST_FILE = Button/Info.plist;
				LD_RUNPATH_SEARCH_PATHS = "$(inherited) @executable_path/../Frameworks";
				PRODUCT_NAME = "$(TARGET_NAME)";
			};
			name = Release;
		};
		F33B9EE01AACBD9800A685D8 /* Debug */ = {
			isa = XCBuildConfiguration;
			buildSettings = {
				BUNDLE_LOADER = "$(TEST_HOST)";
				COMBINE_HIDPI_IMAGES = YES;
				FRAMEWORK_SEARCH_PATHS = (
					"$(DEVELOPER_FRAMEWORKS_DIR)",
					"$(inherited)",
				);
				GCC_PREPROCESSOR_DEFINITIONS = (
					"DEBUG=1",
					"$(inherited)",
				);
				INFOPLIST_FILE = ButtonTests/Info.plist;
				LD_RUNPATH_SEARCH_PATHS = "$(inherited) @executable_path/../Frameworks @loader_path/../Frameworks";
				PRODUCT_NAME = "$(TARGET_NAME)";
				TEST_HOST = "$(BUILT_PRODUCTS_DIR)/Button.app/Contents/MacOS/Button";
			};
			name = Debug;
		};
		F33B9EE11AACBD9800A685D8 /* Release */ = {
			isa = XCBuildConfiguration;
			buildSettings = {
				BUNDLE_LOADER = "$(TEST_HOST)";
				COMBINE_HIDPI_IMAGES = YES;
				FRAMEWORK_SEARCH_PATHS = (
					"$(DEVELOPER_FRAMEWORKS_DIR)",
					"$(inherited)",
				);
				INFOPLIST_FILE = ButtonTests/Info.plist;
				LD_RUNPATH_SEARCH_PATHS = "$(inherited) @executable_path/../Frameworks @loader_path/../Frameworks";
				PRODUCT_NAME = "$(TARGET_NAME)";
				TEST_HOST = "$(BUILT_PRODUCTS_DIR)/Button.app/Contents/MacOS/Button";
			};
			name = Release;
		};
/* End XCBuildConfiguration section */

/* Begin XCConfigurationList section */
		F33B9EBD1AACBD9800A685D8 /* Build configuration list for PBXProject "Button" */ = {
			isa = XCConfigurationList;
			buildConfigurations = (
				F33B9EDA1AACBD9800A685D8 /* Debug */,
				F33B9EDB1AACBD9800A685D8 /* Release */,
			);
			defaultConfigurationIsVisible = 0;
			defaultConfigurationName = Release;
		};
		F33B9EDC1AACBD9800A685D8 /* Build configuration list for PBXNativeTarget "Button" */ = {
			isa = XCConfigurationList;
			buildConfigurations = (
				F33B9EDD1AACBD9800A685D8 /* Debug */,
				F33B9EDE1AACBD9800A685D8 /* Release */,
			);
			defaultConfigurationIsVisible = 0;
		};
		F33B9EDF1AACBD9800A685D8 /* Build configuration list for PBXNativeTarget "ButtonTests" */ = {
			isa = XCConfigurationList;
			buildConfigurations = (
				F33B9EE01AACBD9800A685D8 /* Debug */,
				F33B9EE11AACBD9800A685D8 /* Release */,
			);
			defaultConfigurationIsVisible = 0;
		};
/* End XCConfigurationList section */
	};
	rootObject = F33B9EBA1AACBD9800A685D8 /* Project object */;
}
