// !$*UTF8*$!
{
	archiveVersion = 1;
	classes = {
	};
	objectVersion = 46;
	objects = {

/* Begin PBXBuildFile section */
		F3C8817C1A61D7A6008A45AA /* AppDelegate.swift in Sources */ = {isa = PBXBuildFile; fileRef = F3C8817B1A61D7A6008A45AA /* AppDelegate.swift */; };
		F3C8817E1A61D7A6008A45AA /* ViewController.swift in Sources */ = {isa = PBXBuildFile; fileRef = F3C8817D1A61D7A6008A45AA /* ViewController.swift */; };
		F3C881811A61D7A6008A45AA /* Main.storyboard in Resources */ = {isa = PBXBuildFile; fileRef = F3C8817F1A61D7A6008A45AA /* Main.storyboard */; };
		F3C881831A61D7A6008A45AA /* Images.xcassets in Resources */ = {isa = PBXBuildFile; fileRef = F3C881821A61D7A6008A45AA /* Images.xcassets */; };
		F3C881861A61D7A6008A45AA /* LaunchScreen.xib in Resources */ = {isa = PBXBuildFile; fileRef = F3C881841A61D7A6008A45AA /* LaunchScreen.xib */; };
		F3C881921A61D7A6008A45AA /* UILabelAppTests.swift in Sources */ = {isa = PBXBuildFile; fileRef = F3C881911A61D7A6008A45AA /* UILabelAppTests.swift */; };
/* End PBXBuildFile section */

/* Begin PBXContainerItemProxy section */
		F3C8818C1A61D7A6008A45AA /* PBXContainerItemProxy */ = {
			isa = PBXContainerItemProxy;
			containerPortal = F3C8816E1A61D7A6008A45AA /* Project object */;
			proxyType = 1;
			remoteGlobalIDString = F3C881751A61D7A6008A45AA;
			remoteInfo = UILabelApp;
		};
/* End PBXContainerItemProxy section */

/* Begin PBXFileReference section */
		F3C881761A61D7A6008A45AA /* UILabelApp.app */ = {isa = PBXFileReference; explicitFileType = wrapper.application; includeInIndex = 0; path = UILabelApp.app; sourceTree = BUILT_PRODUCTS_DIR; };
		F3C8817A1A61D7A6008A45AA /* Info.plist */ = {isa = PBXFileReference; lastKnownFileType = text.plist.xml; path = Info.plist; sourceTree = "<group>"; };
		F3C8817B1A61D7A6008A45AA /* AppDelegate.swift */ = {isa = PBXFileReference; lastKnownFileType = sourcecode.swift; path = AppDelegate.swift; sourceTree = "<group>"; };
		F3C8817D1A61D7A6008A45AA /* ViewController.swift */ = {isa = PBXFileReference; lastKnownFileType = sourcecode.swift; path = ViewController.swift; sourceTree = "<group>"; };
		F3C881801A61D7A6008A45AA /* Base */ = {isa = PBXFileReference; lastKnownFileType = file.storyboard; name = Base; path = Base.lproj/Main.storyboard; sourceTree = "<group>"; };
		F3C881821A61D7A6008A45AA /* Images.xcassets */ = {isa = PBXFileReference; lastKnownFileType = folder.assetcatalog; path = Images.xcassets; sourceTree = "<group>"; };
		F3C881851A61D7A6008A45AA /* Base */ = {isa = PBXFileReference; lastKnownFileType = file.xib; name = Base; path = Base.lproj/LaunchScreen.xib; sourceTree = "<group>"; };
		F3C8818B1A61D7A6008A45AA /* UILabelAppTests.xctest */ = {isa = PBXFileReference; explicitFileType = wrapper.cfbundle; includeInIndex = 0; path = UILabelAppTests.xctest; sourceTree = BUILT_PRODUCTS_DIR; };
		F3C881901A61D7A6008A45AA /* Info.plist */ = {isa = PBXFileReference; lastKnownFileType = text.plist.xml; path = Info.plist; sourceTree = "<group>"; };
		F3C881911A61D7A6008A45AA /* UILabelAppTests.swift */ = {isa = PBXFileReference; lastKnownFileType = sourcecode.swift; path = UILabelAppTests.swift; sourceTree = "<group>"; };
/* End PBXFileReference section */

/* Begin PBXFrameworksBuildPhase section */
		F3C881731A61D7A6008A45AA /* Frameworks */ = {
			isa = PBXFrameworksBuildPhase;
			buildActionMask = 2147483647;
			files = (
			);
			runOnlyForDeploymentPostprocessing = 0;
		};
		F3C881881A61D7A6008A45AA /* Frameworks */ = {
			isa = PBXFrameworksBuildPhase;
			buildActionMask = 2147483647;
			files = (
			);
			runOnlyForDeploymentPostprocessing = 0;
		};
/* End PBXFrameworksBuildPhase section */

/* Begin PBXGroup section */
		F3C8816D1A61D7A6008A45AA = {
			isa = PBXGroup;
			children = (
				F3C881781A61D7A6008A45AA /* UILabelApp */,
				F3C8818E1A61D7A6008A45AA /* UILabelAppTests */,
				F3C881771A61D7A6008A45AA /* Products */,
			);
			sourceTree = "<group>";
		};
		F3C881771A61D7A6008A45AA /* Products */ = {
			isa = PBXGroup;
			children = (
				F3C881761A61D7A6008A45AA /* UILabelApp.app */,
				F3C8818B1A61D7A6008A45AA /* UILabelAppTests.xctest */,
			);
			name = Products;
			sourceTree = "<group>";
		};
		F3C881781A61D7A6008A45AA /* UILabelApp */ = {
			isa = PBXGroup;
			children = (
				F3C8817B1A61D7A6008A45AA /* AppDelegate.swift */,
				F3C8817D1A61D7A6008A45AA /* ViewController.swift */,
				F3C8817F1A61D7A6008A45AA /* Main.storyboard */,
				F3C881821A61D7A6008A45AA /* Images.xcassets */,
				F3C881841A61D7A6008A45AA /* LaunchScreen.xib */,
				F3C881791A61D7A6008A45AA /* Supporting Files */,
			);
			path = UILabelApp;
			sourceTree = "<group>";
		};
		F3C881791A61D7A6008A45AA /* Supporting Files */ = {
			isa = PBXGroup;
			children = (
				F3C8817A1A61D7A6008A45AA /* Info.plist */,
			);
			name = "Supporting Files";
			sourceTree = "<group>";
		};
		F3C8818E1A61D7A6008A45AA /* UILabelAppTests */ = {
			isa = PBXGroup;
			children = (
				F3C881911A61D7A6008A45AA /* UILabelAppTests.swift */,
				F3C8818F1A61D7A6008A45AA /* Supporting Files */,
			);
			path = UILabelAppTests;
			sourceTree = "<group>";
		};
		F3C8818F1A61D7A6008A45AA /* Supporting Files */ = {
			isa = PBXGroup;
			children = (
				F3C881901A61D7A6008A45AA /* Info.plist */,
			);
			name = "Supporting Files";
			sourceTree = "<group>";
		};
/* End PBXGroup section */

/* Begin PBXNativeTarget section */
		F3C881751A61D7A6008A45AA /* UILabelApp */ = {
			isa = PBXNativeTarget;
			buildConfigurationList = F3C881951A61D7A6008A45AA /* Build configuration list for PBXNativeTarget "UILabelApp" */;
			buildPhases = (
				F3C881721A61D7A6008A45AA /* Sources */,
				F3C881731A61D7A6008A45AA /* Frameworks */,
				F3C881741A61D7A6008A45AA /* Resources */,
			);
			buildRules = (
			);
			dependencies = (
			);
			name = UILabelApp;
			productName = UILabelApp;
			productReference = F3C881761A61D7A6008A45AA /* UILabelApp.app */;
			productType = "com.apple.product-type.application";
		};
		F3C8818A1A61D7A6008A45AA /* UILabelAppTests */ = {
			isa = PBXNativeTarget;
			buildConfigurationList = F3C881981A61D7A6008A45AA /* Build configuration list for PBXNativeTarget "UILabelAppTests" */;
			buildPhases = (
				F3C881871A61D7A6008A45AA /* Sources */,
				F3C881881A61D7A6008A45AA /* Frameworks */,
				F3C881891A61D7A6008A45AA /* Resources */,
			);
			buildRules = (
			);
			dependencies = (
				F3C8818D1A61D7A6008A45AA /* PBXTargetDependency */,
			);
			name = UILabelAppTests;
			productName = UILabelAppTests;
			productReference = F3C8818B1A61D7A6008A45AA /* UILabelAppTests.xctest */;
			productType = "com.apple.product-type.bundle.unit-test";
		};
/* End PBXNativeTarget section */

/* Begin PBXProject section */
		F3C8816E1A61D7A6008A45AA /* Project object */ = {
			isa = PBXProject;
			attributes = {
				LastUpgradeCheck = 0610;
				ORGANIZATIONNAME = Apress;
				TargetAttributes = {
					F3C881751A61D7A6008A45AA = {
						CreatedOnToolsVersion = 6.1.1;
					};
					F3C8818A1A61D7A6008A45AA = {
						CreatedOnToolsVersion = 6.1.1;
						TestTargetID = F3C881751A61D7A6008A45AA;
					};
				};
			};
			buildConfigurationList = F3C881711A61D7A6008A45AA /* Build configuration list for PBXProject "UILabelApp" */;
			compatibilityVersion = "Xcode 3.2";
			developmentRegion = English;
			hasScannedForEncodings = 0;
			knownRegions = (
				en,
				Base,
			);
			mainGroup = F3C8816D1A61D7A6008A45AA;
			productRefGroup = F3C881771A61D7A6008A45AA /* Products */;
			projectDirPath = "";
			projectRoot = "";
			targets = (
				F3C881751A61D7A6008A45AA /* UILabelApp */,
				F3C8818A1A61D7A6008A45AA /* UILabelAppTests */,
			);
		};
/* End PBXProject section */

/* Begin PBXResourcesBuildPhase section */
		F3C881741A61D7A6008A45AA /* Resources */ = {
			isa = PBXResourcesBuildPhase;
			buildActionMask = 2147483647;
			files = (
				F3C881811A61D7A6008A45AA /* Main.storyboard in Resources */,
				F3C881861A61D7A6008A45AA /* LaunchScreen.xib in Resources */,
				F3C881831A61D7A6008A45AA /* Images.xcassets in Resources */,
			);
			runOnlyForDeploymentPostprocessing = 0;
		};
		F3C881891A61D7A6008A45AA /* Resources */ = {
			isa = PBXResourcesBuildPhase;
			buildActionMask = 2147483647;
			files = (
			);
			runOnlyForDeploymentPostprocessing = 0;
		};
/* End PBXResourcesBuildPhase section */

/* Begin PBXSourcesBuildPhase section */
		F3C881721A61D7A6008A45AA /* Sources */ = {
			isa = PBXSourcesBuildPhase;
			buildActionMask = 2147483647;
			files = (
				F3C8817E1A61D7A6008A45AA /* ViewController.swift in Sources */,
				F3C8817C1A61D7A6008A45AA /* AppDelegate.swift in Sources */,
			);
			runOnlyForDeploymentPostprocessing = 0;
		};
		F3C881871A61D7A6008A45AA /* Sources */ = {
			isa = PBXSourcesBuildPhase;
			buildActionMask = 2147483647;
			files = (
				F3C881921A61D7A6008A45AA /* UILabelAppTests.swift in Sources */,
			);
			runOnlyForDeploymentPostprocessing = 0;
		};
/* End PBXSourcesBuildPhase section */

/* Begin PBXTargetDependency section */
		F3C8818D1A61D7A6008A45AA /* PBXTargetDependency */ = {
			isa = PBXTargetDependency;
			target = F3C881751A61D7A6008A45AA /* UILabelApp */;
			targetProxy = F3C8818C1A61D7A6008A45AA /* PBXContainerItemProxy */;
		};
/* End PBXTargetDependency section */

/* Begin PBXVariantGroup section */
		F3C8817F1A61D7A6008A45AA /* Main.storyboard */ = {
			isa = PBXVariantGroup;
			children = (
				F3C881801A61D7A6008A45AA /* Base */,
			);
			name = Main.storyboard;
			sourceTree = "<group>";
		};
		F3C881841A61D7A6008A45AA /* LaunchScreen.xib */ = {
			isa = PBXVariantGroup;
			children = (
				F3C881851A61D7A6008A45AA /* Base */,
			);
			name = LaunchScreen.xib;
			sourceTree = "<group>";
		};
/* End PBXVariantGroup section */

/* Begin XCBuildConfiguration section */
		F3C881931A61D7A6008A45AA /* Debug */ = {
			isa = XCBuildConfiguration;
			buildSettings = {
				ALWAYS_SEARCH_USER_PATHS = NO;
				CLANG_CXX_LANGUAGE_STANDARD = "gnu++0x";
				CLANG_CXX_LIBRARY = "libc++";
				CLANG_ENABLE_MODULES = YES;
				CLANG_ENABLE_OBJC_ARC = YES;
				CLANG_WARN_BOOL_CONVERSION = YES;
				CLANG_WARN_CONSTANT_CONVERSION = YES;
				CLANG_WARN_DIRECT_OBJC_ISA_USAGE = YES_ERROR;
				CLANG_WARN_EMPTY_BODY = YES;
				CLANG_WARN_ENUM_CONVERSION = YES;
				CLANG_WARN_INT_CONVERSION = YES;
				CLANG_WARN_OBJC_ROOT_CLASS = YES_ERROR;
				CLANG_WARN_UNREACHABLE_CODE = YES;
				CLANG_WARN__DUPLICATE_METHOD_MATCH = YES;
				"CODE_SIGN_IDENTITY[sdk=iphoneos*]" = "iPhone Developer";
				COPY_PHASE_STRIP = NO;
				ENABLE_STRICT_OBJC_MSGSEND = YES;
				GCC_C_LANGUAGE_STANDARD = gnu99;
				GCC_DYNAMIC_NO_PIC = NO;
				GCC_OPTIMIZATION_LEVEL = 0;
				GCC_PREPROCESSOR_DEFINITIONS = (
					"DEBUG=1",
					"$(inherited)",
				);
				GCC_SYMBOLS_PRIVATE_EXTERN = NO;
				GCC_WARN_64_TO_32_BIT_CONVERSION = YES;
				GCC_WARN_ABOUT_RETURN_TYPE = YES_ERROR;
				GCC_WARN_UNDECLARED_SELECTOR = YES;
				GCC_WARN_UNINITIALIZED_AUTOS = YES_AGGRESSIVE;
				GCC_WARN_UNUSED_FUNCTION = YES;
				GCC_WARN_UNUSED_VARIABLE = YES;
				IPHONEOS_DEPLOYMENT_TARGET = 8.1;
				MTL_ENABLE_DEBUG_INFO = YES;
				ONLY_ACTIVE_ARCH = YES;
				SDKROOT = iphoneos;
				SWIFT_OPTIMIZATION_LEVEL = "-Onone";
				TARGETED_DEVICE_FAMILY = "1,2";
			};
			name = Debug;
		};
		F3C881941A61D7A6008A45AA /* Release */ = {
			isa = XCBuildConfiguration;
			buildSettings = {
				ALWAYS_SEARCH_USER_PATHS = NO;
				CLANG_CXX_LANGUAGE_STANDARD = "gnu++0x";
				CLANG_CXX_LIBRARY = "libc++";
				CLANG_ENABLE_MODULES = YES;
				CLANG_ENABLE_OBJC_ARC = YES;
				CLANG_WARN_BOOL_CONVERSION = YES;
				CLANG_WARN_CONSTANT_CONVERSION = YES;
				CLANG_WARN_DIRECT_OBJC_ISA_USAGE = YES_ERROR;
				CLANG_WARN_EMPTY_BODY = YES;
				CLANG_WARN_ENUM_CONVERSION = YES;
				CLANG_WARN_INT_CONVERSION = YES;
				CLANG_WARN_OBJC_ROOT_CLASS = YES_ERROR;
				CLANG_WARN_UNREACHABLE_CODE = YES;
				CLANG_WARN__DUPLICATE_METHOD_MATCH = YES;
				"CODE_SIGN_IDENTITY[sdk=iphoneos*]" = "iPhone Developer";
				COPY_PHASE_STRIP = YES;
				ENABLE_NS_ASSERTIONS = NO;
				ENABLE_STRICT_OBJC_MSGSEND = YES;
				GCC_C_LANGUAGE_STANDARD = gnu99;
				GCC_WARN_64_TO_32_BIT_CONVERSION = YES;
				GCC_WARN_ABOUT_RETURN_TYPE = YES_ERROR;
				GCC_WARN_UNDECLARED_SELECTOR = YES;
				GCC_WARN_UNINITIALIZED_AUTOS = YES_AGGRESSIVE;
				GCC_WARN_UNUSED_FUNCTION = YES;
				GCC_WARN_UNUSED_VARIABLE = YES;
				IPHONEOS_DEPLOYMENT_TARGET = 8.1;
				MTL_ENABLE_DEBUG_INFO = NO;
				SDKROOT = iphoneos;
				TARGETED_DEVICE_FAMILY = "1,2";
				VALIDATE_PRODUCT = YES;
			};
			name = Release;
		};
		F3C881961A61D7A6008A45AA /* Debug */ = {
			isa = XCBuildConfiguration;
			buildSettings = {
				ASSETCATALOG_COMPILER_APPICON_NAME = AppIcon;
				INFOPLIST_FILE = UILabelApp/Info.plist;
				LD_RUNPATH_SEARCH_PATHS = "$(inherited) @executable_path/Frameworks";
				PRODUCT_NAME = "$(TARGET_NAME)";
			};
			name = Debug;
		};
		F3C881971A61D7A6008A45AA /* Release */ = {
			isa = XCBuildConfiguration;
			buildSettings = {
				ASSETCATALOG_COMPILER_APPICON_NAME = AppIcon;
				INFOPLIST_FILE = UILabelApp/Info.plist;
				LD_RUNPATH_SEARCH_PATHS = "$(inherited) @executable_path/Frameworks";
				PRODUCT_NAME = "$(TARGET_NAME)";
			};
			name = Release;
		};
		F3C881991A61D7A6008A45AA /* Debug */ = {
			isa = XCBuildConfiguration;
			buildSettings = {
				BUNDLE_LOADER = "$(TEST_HOST)";
				FRAMEWORK_SEARCH_PATHS = (
					"$(SDKROOT)/Developer/Library/Frameworks",
					"$(inherited)",
				);
				GCC_PREPROCESSOR_DEFINITIONS = (
					"DEBUG=1",
					"$(inherited)",
				);
				INFOPLIST_FILE = UILabelAppTests/Info.plist;
				LD_RUNPATH_SEARCH_PATHS = "$(inherited) @executable_path/Frameworks @loader_path/Frameworks";
				PRODUCT_NAME = "$(TARGET_NAME)";
				TEST_HOST = "$(BUILT_PRODUCTS_DIR)/UILabelApp.app/UILabelApp";
			};
			name = Debug;
		};
		F3C8819A1A61D7A6008A45AA /* Release */ = {
			isa = XCBuildConfiguration;
			buildSettings = {
				BUNDLE_LOADER = "$(TEST_HOST)";
				FRAMEWORK_SEARCH_PATHS = (
					"$(SDKROOT)/Developer/Library/Frameworks",
					"$(inherited)",
				);
				INFOPLIST_FILE = UILabelAppTests/Info.plist;
				LD_RUNPATH_SEARCH_PATHS = "$(inherited) @executable_path/Frameworks @loader_path/Frameworks";
				PRODUCT_NAME = "$(TARGET_NAME)";
				TEST_HOST = "$(BUILT_PRODUCTS_DIR)/UILabelApp.app/UILabelApp";
			};
			name = Release;
		};
/* End XCBuildConfiguration section */

/* Begin XCConfigurationList section */
		F3C881711A61D7A6008A45AA /* Build configuration list for PBXProject "UILabelApp" */ = {
			isa = XCConfigurationList;
			buildConfigurations = (
				F3C881931A61D7A6008A45AA /* Debug */,
				F3C881941A61D7A6008A45AA /* Release */,
			);
			defaultConfigurationIsVisible = 0;
			defaultConfigurationName = Release;
		};
		F3C881951A61D7A6008A45AA /* Build configuration list for PBXNativeTarget "UILabelApp" */ = {
			isa = XCConfigurationList;
			buildConfigurations = (
				F3C881961A61D7A6008A45AA /* Debug */,
				F3C881971A61D7A6008A45AA /* Release */,
			);
			defaultConfigurationIsVisible = 0;
		};
		F3C881981A61D7A6008A45AA /* Build configuration list for PBXNativeTarget "UILabelAppTests" */ = {
			isa = XCConfigurationList;
			buildConfigurations = (
				F3C881991A61D7A6008A45AA /* Debug */,
				F3C8819A1A61D7A6008A45AA /* Release */,
			);
			defaultConfigurationIsVisible = 0;
		};
/* End XCConfigurationList section */
	};
	rootObject = F3C8816E1A61D7A6008A45AA /* Project object */;
}
