// !$*UTF8*$!
{
	archiveVersion = 1;
	classes = {
	};
	objectVersion = 46;
	objects = {

/* Begin PBXBuildFile section */
		F399520F1A3F6300002835AF /* main.swift in Sources */ = {isa = PBXBuildFile; fileRef = F399520E1A3F6300002835AF /* main.swift */; };
		F399521E1A3F631C002835AF /* AsyncTests.swift in Sources */ = {isa = PBXBuildFile; fileRef = F399521D1A3F631C002835AF /* AsyncTests.swift */; };
		F39952221A3F8E05002835AF /* main.swift in Sources */ = {isa = PBXBuildFile; fileRef = F399520E1A3F6300002835AF /* main.swift */; };
/* End PBXBuildFile section */

/* Begin PBXCopyFilesBuildPhase section */
		F39952091A3F6300002835AF /* CopyFiles */ = {
			isa = PBXCopyFilesBuildPhase;
			buildActionMask = 2147483647;
			dstPath = /usr/share/man/man1/;
			dstSubfolderSpec = 0;
			files = (
			);
			runOnlyForDeploymentPostprocessing = 1;
		};
/* End PBXCopyFilesBuildPhase section */

/* Begin PBXFileReference section */
		F399520B1A3F6300002835AF /* AsyncTesting */ = {isa = PBXFileReference; explicitFileType = "compiled.mach-o.executable"; includeInIndex = 0; path = AsyncTesting; sourceTree = BUILT_PRODUCTS_DIR; };
		F399520E1A3F6300002835AF /* main.swift */ = {isa = PBXFileReference; lastKnownFileType = sourcecode.swift; path = main.swift; sourceTree = "<group>"; };
		F39952191A3F631C002835AF /* AsyncTests.xctest */ = {isa = PBXFileReference; explicitFileType = wrapper.cfbundle; includeInIndex = 0; path = AsyncTests.xctest; sourceTree = BUILT_PRODUCTS_DIR; };
		F399521C1A3F631C002835AF /* Info.plist */ = {isa = PBXFileReference; lastKnownFileType = text.plist.xml; path = Info.plist; sourceTree = "<group>"; };
		F399521D1A3F631C002835AF /* AsyncTests.swift */ = {isa = PBXFileReference; lastKnownFileType = sourcecode.swift; path = AsyncTests.swift; sourceTree = "<group>"; };
/* End PBXFileReference section */

/* Begin PBXFrameworksBuildPhase section */
		F39952081A3F6300002835AF /* Frameworks */ = {
			isa = PBXFrameworksBuildPhase;
			buildActionMask = 2147483647;
			files = (
			);
			runOnlyForDeploymentPostprocessing = 0;
		};
		F39952161A3F631C002835AF /* Frameworks */ = {
			isa = PBXFrameworksBuildPhase;
			buildActionMask = 2147483647;
			files = (
			);
			runOnlyForDeploymentPostprocessing = 0;
		};
/* End PBXFrameworksBuildPhase section */

/* Begin PBXGroup section */
		F39952021A3F6300002835AF = {
			isa = PBXGroup;
			children = (
				F399520D1A3F6300002835AF /* AsyncTesting */,
				F399521A1A3F631C002835AF /* AsyncTests */,
				F399520C1A3F6300002835AF /* Products */,
			);
			sourceTree = "<group>";
		};
		F399520C1A3F6300002835AF /* Products */ = {
			isa = PBXGroup;
			children = (
				F399520B1A3F6300002835AF /* AsyncTesting */,
				F39952191A3F631C002835AF /* AsyncTests.xctest */,
			);
			name = Products;
			sourceTree = "<group>";
		};
		F399520D1A3F6300002835AF /* AsyncTesting */ = {
			isa = PBXGroup;
			children = (
				F399520E1A3F6300002835AF /* main.swift */,
			);
			path = AsyncTesting;
			sourceTree = "<group>";
		};
		F399521A1A3F631C002835AF /* AsyncTests */ = {
			isa = PBXGroup;
			children = (
				F399521D1A3F631C002835AF /* AsyncTests.swift */,
				F399521B1A3F631C002835AF /* Supporting Files */,
			);
			path = AsyncTests;
			sourceTree = "<group>";
		};
		F399521B1A3F631C002835AF /* Supporting Files */ = {
			isa = PBXGroup;
			children = (
				F399521C1A3F631C002835AF /* Info.plist */,
			);
			name = "Supporting Files";
			sourceTree = "<group>";
		};
/* End PBXGroup section */

/* Begin PBXNativeTarget section */
		F399520A1A3F6300002835AF /* AsyncTesting */ = {
			isa = PBXNativeTarget;
			buildConfigurationList = F39952121A3F6300002835AF /* Build configuration list for PBXNativeTarget "AsyncTesting" */;
			buildPhases = (
				F39952071A3F6300002835AF /* Sources */,
				F39952081A3F6300002835AF /* Frameworks */,
				F39952091A3F6300002835AF /* CopyFiles */,
			);
			buildRules = (
			);
			dependencies = (
			);
			name = AsyncTesting;
			productName = AsyncTesting;
			productReference = F399520B1A3F6300002835AF /* AsyncTesting */;
			productType = "com.apple.product-type.tool";
		};
		F39952181A3F631C002835AF /* AsyncTests */ = {
			isa = PBXNativeTarget;
			buildConfigurationList = F399521F1A3F631C002835AF /* Build configuration list for PBXNativeTarget "AsyncTests" */;
			buildPhases = (
				F39952151A3F631C002835AF /* Sources */,
				F39952161A3F631C002835AF /* Frameworks */,
				F39952171A3F631C002835AF /* Resources */,
			);
			buildRules = (
			);
			dependencies = (
			);
			name = AsyncTests;
			productName = AsyncTests;
			productReference = F39952191A3F631C002835AF /* AsyncTests.xctest */;
			productType = "com.apple.product-type.bundle.unit-test";
		};
/* End PBXNativeTarget section */

/* Begin PBXProject section */
		F39952031A3F6300002835AF /* Project object */ = {
			isa = PBXProject;
			attributes = {
				LastUpgradeCheck = 0610;
				ORGANIZATIONNAME = Apress;
				TargetAttributes = {
					F399520A1A3F6300002835AF = {
						CreatedOnToolsVersion = 6.1.1;
					};
					F39952181A3F631C002835AF = {
						CreatedOnToolsVersion = 6.1.1;
					};
				};
			};
			buildConfigurationList = F39952061A3F6300002835AF /* Build configuration list for PBXProject "AsyncTesting" */;
			compatibilityVersion = "Xcode 3.2";
			developmentRegion = English;
			hasScannedForEncodings = 0;
			knownRegions = (
				en,
			);
			mainGroup = F39952021A3F6300002835AF;
			productRefGroup = F399520C1A3F6300002835AF /* Products */;
			projectDirPath = "";
			projectRoot = "";
			targets = (
				F399520A1A3F6300002835AF /* AsyncTesting */,
				F39952181A3F631C002835AF /* AsyncTests */,
			);
		};
/* End PBXProject section */

/* Begin PBXResourcesBuildPhase section */
		F39952171A3F631C002835AF /* Resources */ = {
			isa = PBXResourcesBuildPhase;
			buildActionMask = 2147483647;
			files = (
			);
			runOnlyForDeploymentPostprocessing = 0;
		};
/* End PBXResourcesBuildPhase section */

/* Begin PBXSourcesBuildPhase section */
		F39952071A3F6300002835AF /* Sources */ = {
			isa = PBXSourcesBuildPhase;
			buildActionMask = 2147483647;
			files = (
				F399520F1A3F6300002835AF /* main.swift in Sources */,
			);
			runOnlyForDeploymentPostprocessing = 0;
		};
		F39952151A3F631C002835AF /* Sources */ = {
			isa = PBXSourcesBuildPhase;
			buildActionMask = 2147483647;
			files = (
				F39952221A3F8E05002835AF /* main.swift in Sources */,
				F399521E1A3F631C002835AF /* AsyncTests.swift in Sources */,
			);
			runOnlyForDeploymentPostprocessing = 0;
		};
/* End PBXSourcesBuildPhase section */

/* Begin XCBuildConfiguration section */
		F39952101A3F6300002835AF /* Debug */ = {
			isa = XCBuildConfiguration;
			buildSettings = {
				ALWAYS_SEARCH_USER_PATHS = NO;
				CLANG_CXX_LANGUAGE_STANDARD = "gnu++0x";
				CLANG_CXX_LIBRARY = "libc++";
				CLANG_ENABLE_MODULES = YES;
				CLANG_ENABLE_OBJC_ARC = YES;
				CLANG_WARN_BOOL_CONVERSION = YES;
				CLANG_WARN_CONSTANT_CONVERSION = YES;
				CLANG_WARN_DIRECT_OBJC_ISA_USAGE = YES_ERROR;
				CLANG_WARN_EMPTY_BODY = YES;
				CLANG_WARN_ENUM_CONVERSION = YES;
				CLANG_WARN_INT_CONVERSION = YES;
				CLANG_WARN_OBJC_ROOT_CLASS = YES_ERROR;
				CLANG_WARN_UNREACHABLE_CODE = YES;
				CLANG_WARN__DUPLICATE_METHOD_MATCH = YES;
				COPY_PHASE_STRIP = NO;
				ENABLE_STRICT_OBJC_MSGSEND = YES;
				GCC_C_LANGUAGE_STANDARD = gnu99;
				GCC_DYNAMIC_NO_PIC = NO;
				GCC_OPTIMIZATION_LEVEL = 0;
				GCC_PREPROCESSOR_DEFINITIONS = (
					"DEBUG=1",
					"$(inherited)",
				);
				GCC_SYMBOLS_PRIVATE_EXTERN = NO;
				GCC_WARN_64_TO_32_BIT_CONVERSION = YES;
				GCC_WARN_ABOUT_RETURN_TYPE = YES_ERROR;
				GCC_WARN_UNDECLARED_SELECTOR = YES;
				GCC_WARN_UNINITIALIZED_AUTOS = YES_AGGRESSIVE;
				GCC_WARN_UNUSED_FUNCTION = YES;
				GCC_WARN_UNUSED_VARIABLE = YES;
				MACOSX_DEPLOYMENT_TARGET = 10.9;
				MTL_ENABLE_DEBUG_INFO = YES;
				ONLY_ACTIVE_ARCH = YES;
				SDKROOT = macosx;
				SWIFT_OPTIMIZATION_LEVEL = "-Onone";
			};
			name = Debug;
		};
		F39952111A3F6300002835AF /* Release */ = {
			isa = XCBuildConfiguration;
			buildSettings = {
				ALWAYS_SEARCH_USER_PATHS = NO;
				CLANG_CXX_LANGUAGE_STANDARD = "gnu++0x";
				CLANG_CXX_LIBRARY = "libc++";
				CLANG_ENABLE_MODULES = YES;
				CLANG_ENABLE_OBJC_ARC = YES;
				CLANG_WARN_BOOL_CONVERSION = YES;
				CLANG_WARN_CONSTANT_CONVERSION = YES;
				CLANG_WARN_DIRECT_OBJC_ISA_USAGE = YES_ERROR;
				CLANG_WARN_EMPTY_BODY = YES;
				CLANG_WARN_ENUM_CONVERSION = YES;
				CLANG_WARN_INT_CONVERSION = YES;
				CLANG_WARN_OBJC_ROOT_CLASS = YES_ERROR;
				CLANG_WARN_UNREACHABLE_CODE = YES;
				CLANG_WARN__DUPLICATE_METHOD_MATCH = YES;
				COPY_PHASE_STRIP = YES;
				DEBUG_INFORMATION_FORMAT = "dwarf-with-dsym";
				ENABLE_NS_ASSERTIONS = NO;
				ENABLE_STRICT_OBJC_MSGSEND = YES;
				GCC_C_LANGUAGE_STANDARD = gnu99;
				GCC_WARN_64_TO_32_BIT_CONVERSION = YES;
				GCC_WARN_ABOUT_RETURN_TYPE = YES_ERROR;
				GCC_WARN_UNDECLARED_SELECTOR = YES;
				GCC_WARN_UNINITIALIZED_AUTOS = YES_AGGRESSIVE;
				GCC_WARN_UNUSED_FUNCTION = YES;
				GCC_WARN_UNUSED_VARIABLE = YES;
				MACOSX_DEPLOYMENT_TARGET = 10.9;
				MTL_ENABLE_DEBUG_INFO = NO;
				SDKROOT = macosx;
			};
			name = Release;
		};
		F39952131A3F6300002835AF /* Debug */ = {
			isa = XCBuildConfiguration;
			buildSettings = {
				PRODUCT_NAME = "$(TARGET_NAME)";
			};
			name = Debug;
		};
		F39952141A3F6300002835AF /* Release */ = {
			isa = XCBuildConfiguration;
			buildSettings = {
				PRODUCT_NAME = "$(TARGET_NAME)";
			};
			name = Release;
		};
		F39952201A3F631C002835AF /* Debug */ = {
			isa = XCBuildConfiguration;
			buildSettings = {
				COMBINE_HIDPI_IMAGES = YES;
				FRAMEWORK_SEARCH_PATHS = (
					"$(DEVELOPER_FRAMEWORKS_DIR)",
					"$(inherited)",
				);
				GCC_PREPROCESSOR_DEFINITIONS = (
					"DEBUG=1",
					"$(inherited)",
				);
				INFOPLIST_FILE = AsyncTests/Info.plist;
				LD_RUNPATH_SEARCH_PATHS = "$(inherited) @executable_path/../Frameworks @loader_path/../Frameworks";
				PRODUCT_NAME = "$(TARGET_NAME)";
			};
			name = Debug;
		};
		F39952211A3F631C002835AF /* Release */ = {
			isa = XCBuildConfiguration;
			buildSettings = {
				COMBINE_HIDPI_IMAGES = YES;
				FRAMEWORK_SEARCH_PATHS = (
					"$(DEVELOPER_FRAMEWORKS_DIR)",
					"$(inherited)",
				);
				INFOPLIST_FILE = AsyncTests/Info.plist;
				LD_RUNPATH_SEARCH_PATHS = "$(inherited) @executable_path/../Frameworks @loader_path/../Frameworks";
				PRODUCT_NAME = "$(TARGET_NAME)";
			};
			name = Release;
		};
/* End XCBuildConfiguration section */

/* Begin XCConfigurationList section */
		F39952061A3F6300002835AF /* Build configuration list for PBXProject "AsyncTesting" */ = {
			isa = XCConfigurationList;
			buildConfigurations = (
				F39952101A3F6300002835AF /* Debug */,
				F39952111A3F6300002835AF /* Release */,
			);
			defaultConfigurationIsVisible = 0;
			defaultConfigurationName = Release;
		};
		F39952121A3F6300002835AF /* Build configuration list for PBXNativeTarget "AsyncTesting" */ = {
			isa = XCConfigurationList;
			buildConfigurations = (
				F39952131A3F6300002835AF /* Debug */,
				F39952141A3F6300002835AF /* Release */,
			);
			defaultConfigurationIsVisible = 0;
			defaultConfigurationName = Release;
		};
		F399521F1A3F631C002835AF /* Build configuration list for PBXNativeTarget "AsyncTests" */ = {
			isa = XCConfigurationList;
			buildConfigurations = (
				F39952201A3F631C002835AF /* Debug */,
				F39952211A3F631C002835AF /* Release */,
			);
			defaultConfigurationIsVisible = 0;
			defaultConfigurationName = Release;
		};
/* End XCConfigurationList section */
	};
	rootObject = F39952031A3F6300002835AF /* Project object */;
}
