// !$*UTF8*$!
{
	archiveVersion = 1;
	classes = {
	};
	objectVersion = 46;
	objects = {

/* Begin PBXBuildFile section */
		F31D91E31AFC00EC00E0EAEC /* AppDelegate.swift in Sources */ = {isa = PBXBuildFile; fileRef = F31D91E21AFC00EC00E0EAEC /* AppDelegate.swift */; };
		F31D91E51AFC00EC00E0EAEC /* ViewController.swift in Sources */ = {isa = PBXBuildFile; fileRef = F31D91E41AFC00EC00E0EAEC /* ViewController.swift */; };
		F31D91E81AFC00EC00E0EAEC /* Main.storyboard in Resources */ = {isa = PBXBuildFile; fileRef = F31D91E61AFC00EC00E0EAEC /* Main.storyboard */; };
		F31D91EA1AFC00EC00E0EAEC /* Images.xcassets in Resources */ = {isa = PBXBuildFile; fileRef = F31D91E91AFC00EC00E0EAEC /* Images.xcassets */; };
		F31D91ED1AFC00EC00E0EAEC /* LaunchScreen.xib in Resources */ = {isa = PBXBuildFile; fileRef = F31D91EB1AFC00EC00E0EAEC /* LaunchScreen.xib */; };
		F31D91F91AFC00EC00E0EAEC /* BookmarkRecipeTests.swift in Sources */ = {isa = PBXBuildFile; fileRef = F31D91F81AFC00EC00E0EAEC /* BookmarkRecipeTests.swift */; };
		F31D920B1AFC010500E0EAEC /* ActionRequestHandler.swift in Sources */ = {isa = PBXBuildFile; fileRef = F31D920A1AFC010500E0EAEC /* ActionRequestHandler.swift */; };
		F31D920D1AFC010500E0EAEC /* Action.js in Resources */ = {isa = PBXBuildFile; fileRef = F31D920C1AFC010500E0EAEC /* Action.js */; };
		F31D92101AFC010500E0EAEC /* Bookmarker.appex in Embed App Extensions */ = {isa = PBXBuildFile; fileRef = F31D92061AFC010500E0EAEC /* Bookmarker.appex */; settings = {ATTRIBUTES = (RemoveHeadersOnCopy, ); }; };
/* End PBXBuildFile section */

/* Begin PBXContainerItemProxy section */
		F31D91F31AFC00EC00E0EAEC /* PBXContainerItemProxy */ = {
			isa = PBXContainerItemProxy;
			containerPortal = F31D91D51AFC00EC00E0EAEC /* Project object */;
			proxyType = 1;
			remoteGlobalIDString = F31D91DC1AFC00EC00E0EAEC;
			remoteInfo = BookmarkRecipe;
		};
		F31D920E1AFC010500E0EAEC /* PBXContainerItemProxy */ = {
			isa = PBXContainerItemProxy;
			containerPortal = F31D91D51AFC00EC00E0EAEC /* Project object */;
			proxyType = 1;
			remoteGlobalIDString = F31D92051AFC010500E0EAEC;
			remoteInfo = Bookmarker;
		};
/* End PBXContainerItemProxy section */

/* Begin PBXCopyFilesBuildPhase section */
		F31D92141AFC010500E0EAEC /* Embed App Extensions */ = {
			isa = PBXCopyFilesBuildPhase;
			buildActionMask = 2147483647;
			dstPath = "";
			dstSubfolderSpec = 13;
			files = (
				F31D92101AFC010500E0EAEC /* Bookmarker.appex in Embed App Extensions */,
			);
			name = "Embed App Extensions";
			runOnlyForDeploymentPostprocessing = 0;
		};
/* End PBXCopyFilesBuildPhase section */

/* Begin PBXFileReference section */
		F31D91DD1AFC00EC00E0EAEC /* BookmarkRecipe.app */ = {isa = PBXFileReference; explicitFileType = wrapper.application; includeInIndex = 0; path = BookmarkRecipe.app; sourceTree = BUILT_PRODUCTS_DIR; };
		F31D91E11AFC00EC00E0EAEC /* Info.plist */ = {isa = PBXFileReference; lastKnownFileType = text.plist.xml; path = Info.plist; sourceTree = "<group>"; };
		F31D91E21AFC00EC00E0EAEC /* AppDelegate.swift */ = {isa = PBXFileReference; lastKnownFileType = sourcecode.swift; path = AppDelegate.swift; sourceTree = "<group>"; };
		F31D91E41AFC00EC00E0EAEC /* ViewController.swift */ = {isa = PBXFileReference; lastKnownFileType = sourcecode.swift; path = ViewController.swift; sourceTree = "<group>"; };
		F31D91E71AFC00EC00E0EAEC /* Base */ = {isa = PBXFileReference; lastKnownFileType = file.storyboard; name = Base; path = Base.lproj/Main.storyboard; sourceTree = "<group>"; };
		F31D91E91AFC00EC00E0EAEC /* Images.xcassets */ = {isa = PBXFileReference; lastKnownFileType = folder.assetcatalog; path = Images.xcassets; sourceTree = "<group>"; };
		F31D91EC1AFC00EC00E0EAEC /* Base */ = {isa = PBXFileReference; lastKnownFileType = file.xib; name = Base; path = Base.lproj/LaunchScreen.xib; sourceTree = "<group>"; };
		F31D91F21AFC00EC00E0EAEC /* BookmarkRecipeTests.xctest */ = {isa = PBXFileReference; explicitFileType = wrapper.cfbundle; includeInIndex = 0; path = BookmarkRecipeTests.xctest; sourceTree = BUILT_PRODUCTS_DIR; };
		F31D91F71AFC00EC00E0EAEC /* Info.plist */ = {isa = PBXFileReference; lastKnownFileType = text.plist.xml; path = Info.plist; sourceTree = "<group>"; };
		F31D91F81AFC00EC00E0EAEC /* BookmarkRecipeTests.swift */ = {isa = PBXFileReference; lastKnownFileType = sourcecode.swift; path = BookmarkRecipeTests.swift; sourceTree = "<group>"; };
		F31D92061AFC010500E0EAEC /* Bookmarker.appex */ = {isa = PBXFileReference; explicitFileType = "wrapper.app-extension"; includeInIndex = 0; path = Bookmarker.appex; sourceTree = BUILT_PRODUCTS_DIR; };
		F31D92091AFC010500E0EAEC /* Info.plist */ = {isa = PBXFileReference; lastKnownFileType = text.plist.xml; path = Info.plist; sourceTree = "<group>"; };
		F31D920A1AFC010500E0EAEC /* ActionRequestHandler.swift */ = {isa = PBXFileReference; lastKnownFileType = sourcecode.swift; path = ActionRequestHandler.swift; sourceTree = "<group>"; };
		F31D920C1AFC010500E0EAEC /* Action.js */ = {isa = PBXFileReference; lastKnownFileType = sourcecode.javascript; path = Action.js; sourceTree = "<group>"; };
		F31D92151AFC019900E0EAEC /* Bookmarker.entitlements */ = {isa = PBXFileReference; lastKnownFileType = text.xml; path = Bookmarker.entitlements; sourceTree = "<group>"; };
		F31D92161AFC01D900E0EAEC /* BookmarkRecipe.entitlements */ = {isa = PBXFileReference; lastKnownFileType = text.xml; path = BookmarkRecipe.entitlements; sourceTree = "<group>"; };
/* End PBXFileReference section */

/* Begin PBXFrameworksBuildPhase section */
		F31D91DA1AFC00EC00E0EAEC /* Frameworks */ = {
			isa = PBXFrameworksBuildPhase;
			buildActionMask = 2147483647;
			files = (
			);
			runOnlyForDeploymentPostprocessing = 0;
		};
		F31D91EF1AFC00EC00E0EAEC /* Frameworks */ = {
			isa = PBXFrameworksBuildPhase;
			buildActionMask = 2147483647;
			files = (
			);
			runOnlyForDeploymentPostprocessing = 0;
		};
		F31D92031AFC010500E0EAEC /* Frameworks */ = {
			isa = PBXFrameworksBuildPhase;
			buildActionMask = 2147483647;
			files = (
			);
			runOnlyForDeploymentPostprocessing = 0;
		};
/* End PBXFrameworksBuildPhase section */

/* Begin PBXGroup section */
		F31D91D41AFC00EC00E0EAEC = {
			isa = PBXGroup;
			children = (
				F31D91DF1AFC00EC00E0EAEC /* BookmarkRecipe */,
				F31D91F51AFC00EC00E0EAEC /* BookmarkRecipeTests */,
				F31D92071AFC010500E0EAEC /* Bookmarker */,
				F31D91DE1AFC00EC00E0EAEC /* Products */,
			);
			sourceTree = "<group>";
		};
		F31D91DE1AFC00EC00E0EAEC /* Products */ = {
			isa = PBXGroup;
			children = (
				F31D91DD1AFC00EC00E0EAEC /* BookmarkRecipe.app */,
				F31D91F21AFC00EC00E0EAEC /* BookmarkRecipeTests.xctest */,
				F31D92061AFC010500E0EAEC /* Bookmarker.appex */,
			);
			name = Products;
			sourceTree = "<group>";
		};
		F31D91DF1AFC00EC00E0EAEC /* BookmarkRecipe */ = {
			isa = PBXGroup;
			children = (
				F31D92161AFC01D900E0EAEC /* BookmarkRecipe.entitlements */,
				F31D91E21AFC00EC00E0EAEC /* AppDelegate.swift */,
				F31D91E41AFC00EC00E0EAEC /* ViewController.swift */,
				F31D91E61AFC00EC00E0EAEC /* Main.storyboard */,
				F31D91E91AFC00EC00E0EAEC /* Images.xcassets */,
				F31D91EB1AFC00EC00E0EAEC /* LaunchScreen.xib */,
				F31D91E01AFC00EC00E0EAEC /* Supporting Files */,
			);
			path = BookmarkRecipe;
			sourceTree = "<group>";
		};
		F31D91E01AFC00EC00E0EAEC /* Supporting Files */ = {
			isa = PBXGroup;
			children = (
				F31D91E11AFC00EC00E0EAEC /* Info.plist */,
			);
			name = "Supporting Files";
			sourceTree = "<group>";
		};
		F31D91F51AFC00EC00E0EAEC /* BookmarkRecipeTests */ = {
			isa = PBXGroup;
			children = (
				F31D91F81AFC00EC00E0EAEC /* BookmarkRecipeTests.swift */,
				F31D91F61AFC00EC00E0EAEC /* Supporting Files */,
			);
			path = BookmarkRecipeTests;
			sourceTree = "<group>";
		};
		F31D91F61AFC00EC00E0EAEC /* Supporting Files */ = {
			isa = PBXGroup;
			children = (
				F31D91F71AFC00EC00E0EAEC /* Info.plist */,
			);
			name = "Supporting Files";
			sourceTree = "<group>";
		};
		F31D92071AFC010500E0EAEC /* Bookmarker */ = {
			isa = PBXGroup;
			children = (
				F31D92151AFC019900E0EAEC /* Bookmarker.entitlements */,
				F31D920A1AFC010500E0EAEC /* ActionRequestHandler.swift */,
				F31D920C1AFC010500E0EAEC /* Action.js */,
				F31D92081AFC010500E0EAEC /* Supporting Files */,
			);
			path = Bookmarker;
			sourceTree = "<group>";
		};
		F31D92081AFC010500E0EAEC /* Supporting Files */ = {
			isa = PBXGroup;
			children = (
				F31D92091AFC010500E0EAEC /* Info.plist */,
			);
			name = "Supporting Files";
			sourceTree = "<group>";
		};
/* End PBXGroup section */

/* Begin PBXNativeTarget section */
		F31D91DC1AFC00EC00E0EAEC /* BookmarkRecipe */ = {
			isa = PBXNativeTarget;
			buildConfigurationList = F31D91FC1AFC00EC00E0EAEC /* Build configuration list for PBXNativeTarget "BookmarkRecipe" */;
			buildPhases = (
				F31D91D91AFC00EC00E0EAEC /* Sources */,
				F31D91DA1AFC00EC00E0EAEC /* Frameworks */,
				F31D91DB1AFC00EC00E0EAEC /* Resources */,
				F31D92141AFC010500E0EAEC /* Embed App Extensions */,
			);
			buildRules = (
			);
			dependencies = (
				F31D920F1AFC010500E0EAEC /* PBXTargetDependency */,
			);
			name = BookmarkRecipe;
			productName = BookmarkRecipe;
			productReference = F31D91DD1AFC00EC00E0EAEC /* BookmarkRecipe.app */;
			productType = "com.apple.product-type.application";
		};
		F31D91F11AFC00EC00E0EAEC /* BookmarkRecipeTests */ = {
			isa = PBXNativeTarget;
			buildConfigurationList = F31D91FF1AFC00EC00E0EAEC /* Build configuration list for PBXNativeTarget "BookmarkRecipeTests" */;
			buildPhases = (
				F31D91EE1AFC00EC00E0EAEC /* Sources */,
				F31D91EF1AFC00EC00E0EAEC /* Frameworks */,
				F31D91F01AFC00EC00E0EAEC /* Resources */,
			);
			buildRules = (
			);
			dependencies = (
				F31D91F41AFC00EC00E0EAEC /* PBXTargetDependency */,
			);
			name = BookmarkRecipeTests;
			productName = BookmarkRecipeTests;
			productReference = F31D91F21AFC00EC00E0EAEC /* BookmarkRecipeTests.xctest */;
			productType = "com.apple.product-type.bundle.unit-test";
		};
		F31D92051AFC010500E0EAEC /* Bookmarker */ = {
			isa = PBXNativeTarget;
			buildConfigurationList = F31D92111AFC010500E0EAEC /* Build configuration list for PBXNativeTarget "Bookmarker" */;
			buildPhases = (
				F31D92021AFC010500E0EAEC /* Sources */,
				F31D92031AFC010500E0EAEC /* Frameworks */,
				F31D92041AFC010500E0EAEC /* Resources */,
			);
			buildRules = (
			);
			dependencies = (
			);
			name = Bookmarker;
			productName = Bookmarker;
			productReference = F31D92061AFC010500E0EAEC /* Bookmarker.appex */;
			productType = "com.apple.product-type.app-extension";
		};
/* End PBXNativeTarget section */

/* Begin PBXProject section */
		F31D91D51AFC00EC00E0EAEC /* Project object */ = {
			isa = PBXProject;
			attributes = {
				LastUpgradeCheck = 0630;
				ORGANIZATIONNAME = Apress;
				TargetAttributes = {
					F31D91DC1AFC00EC00E0EAEC = {
						CreatedOnToolsVersion = 6.3.1;
						DevelopmentTeam = H7XM82RQ33;
						SystemCapabilities = {
							com.apple.ApplicationGroups.iOS = {
								enabled = 1;
							};
						};
					};
					F31D91F11AFC00EC00E0EAEC = {
						CreatedOnToolsVersion = 6.3.1;
						TestTargetID = F31D91DC1AFC00EC00E0EAEC;
					};
					F31D92051AFC010500E0EAEC = {
						CreatedOnToolsVersion = 6.3.1;
						DevelopmentTeam = H7XM82RQ33;
						SystemCapabilities = {
							com.apple.ApplicationGroups.iOS = {
								enabled = 1;
							};
						};
					};
				};
			};
			buildConfigurationList = F31D91D81AFC00EC00E0EAEC /* Build configuration list for PBXProject "BookmarkRecipe" */;
			compatibilityVersion = "Xcode 3.2";
			developmentRegion = English;
			hasScannedForEncodings = 0;
			knownRegions = (
				en,
				Base,
			);
			mainGroup = F31D91D41AFC00EC00E0EAEC;
			productRefGroup = F31D91DE1AFC00EC00E0EAEC /* Products */;
			projectDirPath = "";
			projectRoot = "";
			targets = (
				F31D91DC1AFC00EC00E0EAEC /* BookmarkRecipe */,
				F31D91F11AFC00EC00E0EAEC /* BookmarkRecipeTests */,
				F31D92051AFC010500E0EAEC /* Bookmarker */,
			);
		};
/* End PBXProject section */

/* Begin PBXResourcesBuildPhase section */
		F31D91DB1AFC00EC00E0EAEC /* Resources */ = {
			isa = PBXResourcesBuildPhase;
			buildActionMask = 2147483647;
			files = (
				F31D91E81AFC00EC00E0EAEC /* Main.storyboard in Resources */,
				F31D91ED1AFC00EC00E0EAEC /* LaunchScreen.xib in Resources */,
				F31D91EA1AFC00EC00E0EAEC /* Images.xcassets in Resources */,
			);
			runOnlyForDeploymentPostprocessing = 0;
		};
		F31D91F01AFC00EC00E0EAEC /* Resources */ = {
			isa = PBXResourcesBuildPhase;
			buildActionMask = 2147483647;
			files = (
			);
			runOnlyForDeploymentPostprocessing = 0;
		};
		F31D92041AFC010500E0EAEC /* Resources */ = {
			isa = PBXResourcesBuildPhase;
			buildActionMask = 2147483647;
			files = (
				F31D920D1AFC010500E0EAEC /* Action.js in Resources */,
			);
			runOnlyForDeploymentPostprocessing = 0;
		};
/* End PBXResourcesBuildPhase section */

/* Begin PBXSourcesBuildPhase section */
		F31D91D91AFC00EC00E0EAEC /* Sources */ = {
			isa = PBXSourcesBuildPhase;
			buildActionMask = 2147483647;
			files = (
				F31D91E51AFC00EC00E0EAEC /* ViewController.swift in Sources */,
				F31D91E31AFC00EC00E0EAEC /* AppDelegate.swift in Sources */,
			);
			runOnlyForDeploymentPostprocessing = 0;
		};
		F31D91EE1AFC00EC00E0EAEC /* Sources */ = {
			isa = PBXSourcesBuildPhase;
			buildActionMask = 2147483647;
			files = (
				F31D91F91AFC00EC00E0EAEC /* BookmarkRecipeTests.swift in Sources */,
			);
			runOnlyForDeploymentPostprocessing = 0;
		};
		F31D92021AFC010500E0EAEC /* Sources */ = {
			isa = PBXSourcesBuildPhase;
			buildActionMask = 2147483647;
			files = (
				F31D920B1AFC010500E0EAEC /* ActionRequestHandler.swift in Sources */,
			);
			runOnlyForDeploymentPostprocessing = 0;
		};
/* End PBXSourcesBuildPhase section */

/* Begin PBXTargetDependency section */
		F31D91F41AFC00EC00E0EAEC /* PBXTargetDependency */ = {
			isa = PBXTargetDependency;
			target = F31D91DC1AFC00EC00E0EAEC /* BookmarkRecipe */;
			targetProxy = F31D91F31AFC00EC00E0EAEC /* PBXContainerItemProxy */;
		};
		F31D920F1AFC010500E0EAEC /* PBXTargetDependency */ = {
			isa = PBXTargetDependency;
			target = F31D92051AFC010500E0EAEC /* Bookmarker */;
			targetProxy = F31D920E1AFC010500E0EAEC /* PBXContainerItemProxy */;
		};
/* End PBXTargetDependency section */

/* Begin PBXVariantGroup section */
		F31D91E61AFC00EC00E0EAEC /* Main.storyboard */ = {
			isa = PBXVariantGroup;
			children = (
				F31D91E71AFC00EC00E0EAEC /* Base */,
			);
			name = Main.storyboard;
			sourceTree = "<group>";
		};
		F31D91EB1AFC00EC00E0EAEC /* LaunchScreen.xib */ = {
			isa = PBXVariantGroup;
			children = (
				F31D91EC1AFC00EC00E0EAEC /* Base */,
			);
			name = LaunchScreen.xib;
			sourceTree = "<group>";
		};
/* End PBXVariantGroup section */

/* Begin XCBuildConfiguration section */
		F31D91FA1AFC00EC00E0EAEC /* Debug */ = {
			isa = XCBuildConfiguration;
			buildSettings = {
				ALWAYS_SEARCH_USER_PATHS = NO;
				CLANG_CXX_LANGUAGE_STANDARD = "gnu++0x";
				CLANG_CXX_LIBRARY = "libc++";
				CLANG_ENABLE_MODULES = YES;
				CLANG_ENABLE_OBJC_ARC = YES;
				CLANG_WARN_BOOL_CONVERSION = YES;
				CLANG_WARN_CONSTANT_CONVERSION = YES;
				CLANG_WARN_DIRECT_OBJC_ISA_USAGE = YES_ERROR;
				CLANG_WARN_EMPTY_BODY = YES;
				CLANG_WARN_ENUM_CONVERSION = YES;
				CLANG_WARN_INT_CONVERSION = YES;
				CLANG_WARN_OBJC_ROOT_CLASS = YES_ERROR;
				CLANG_WARN_UNREACHABLE_CODE = YES;
				CLANG_WARN__DUPLICATE_METHOD_MATCH = YES;
				"CODE_SIGN_IDENTITY[sdk=iphoneos*]" = "iPhone Developer";
				COPY_PHASE_STRIP = NO;
				DEBUG_INFORMATION_FORMAT = "dwarf-with-dsym";
				ENABLE_STRICT_OBJC_MSGSEND = YES;
				GCC_C_LANGUAGE_STANDARD = gnu99;
				GCC_DYNAMIC_NO_PIC = NO;
				GCC_NO_COMMON_BLOCKS = YES;
				GCC_OPTIMIZATION_LEVEL = 0;
				GCC_PREPROCESSOR_DEFINITIONS = (
					"DEBUG=1",
					"$(inherited)",
				);
				GCC_SYMBOLS_PRIVATE_EXTERN = NO;
				GCC_WARN_64_TO_32_BIT_CONVERSION = YES;
				GCC_WARN_ABOUT_RETURN_TYPE = YES_ERROR;
				GCC_WARN_UNDECLARED_SELECTOR = YES;
				GCC_WARN_UNINITIALIZED_AUTOS = YES_AGGRESSIVE;
				GCC_WARN_UNUSED_FUNCTION = YES;
				GCC_WARN_UNUSED_VARIABLE = YES;
				IPHONEOS_DEPLOYMENT_TARGET = 8.3;
				MTL_ENABLE_DEBUG_INFO = YES;
				ONLY_ACTIVE_ARCH = YES;
				SDKROOT = iphoneos;
				SWIFT_OPTIMIZATION_LEVEL = "-Onone";
			};
			name = Debug;
		};
		F31D91FB1AFC00EC00E0EAEC /* Release */ = {
			isa = XCBuildConfiguration;
			buildSettings = {
				ALWAYS_SEARCH_USER_PATHS = NO;
				CLANG_CXX_LANGUAGE_STANDARD = "gnu++0x";
				CLANG_CXX_LIBRARY = "libc++";
				CLANG_ENABLE_MODULES = YES;
				CLANG_ENABLE_OBJC_ARC = YES;
				CLANG_WARN_BOOL_CONVERSION = YES;
				CLANG_WARN_CONSTANT_CONVERSION = YES;
				CLANG_WARN_DIRECT_OBJC_ISA_USAGE = YES_ERROR;
				CLANG_WARN_EMPTY_BODY = YES;
				CLANG_WARN_ENUM_CONVERSION = YES;
				CLANG_WARN_INT_CONVERSION = YES;
				CLANG_WARN_OBJC_ROOT_CLASS = YES_ERROR;
				CLANG_WARN_UNREACHABLE_CODE = YES;
				CLANG_WARN__DUPLICATE_METHOD_MATCH = YES;
				"CODE_SIGN_IDENTITY[sdk=iphoneos*]" = "iPhone Developer";
				COPY_PHASE_STRIP = NO;
				DEBUG_INFORMATION_FORMAT = "dwarf-with-dsym";
				ENABLE_NS_ASSERTIONS = NO;
				ENABLE_STRICT_OBJC_MSGSEND = YES;
				GCC_C_LANGUAGE_STANDARD = gnu99;
				GCC_NO_COMMON_BLOCKS = YES;
				GCC_WARN_64_TO_32_BIT_CONVERSION = YES;
				GCC_WARN_ABOUT_RETURN_TYPE = YES_ERROR;
				GCC_WARN_UNDECLARED_SELECTOR = YES;
				GCC_WARN_UNINITIALIZED_AUTOS = YES_AGGRESSIVE;
				GCC_WARN_UNUSED_FUNCTION = YES;
				GCC_WARN_UNUSED_VARIABLE = YES;
				IPHONEOS_DEPLOYMENT_TARGET = 8.3;
				MTL_ENABLE_DEBUG_INFO = NO;
				SDKROOT = iphoneos;
				VALIDATE_PRODUCT = YES;
			};
			name = Release;
		};
		F31D91FD1AFC00EC00E0EAEC /* Debug */ = {
			isa = XCBuildConfiguration;
			buildSettings = {
				ASSETCATALOG_COMPILER_APPICON_NAME = AppIcon;
				CODE_SIGN_ENTITLEMENTS = BookmarkRecipe/BookmarkRecipe.entitlements;
				CODE_SIGN_IDENTITY = "iPhone Developer";
				"CODE_SIGN_IDENTITY[sdk=iphoneos*]" = "iPhone Developer";
				INFOPLIST_FILE = BookmarkRecipe/Info.plist;
				LD_RUNPATH_SEARCH_PATHS = "$(inherited) @executable_path/Frameworks";
				PRODUCT_NAME = "$(TARGET_NAME)";
				PROVISIONING_PROFILE = "";
			};
			name = Debug;
		};
		F31D91FE1AFC00EC00E0EAEC /* Release */ = {
			isa = XCBuildConfiguration;
			buildSettings = {
				ASSETCATALOG_COMPILER_APPICON_NAME = AppIcon;
				CODE_SIGN_ENTITLEMENTS = BookmarkRecipe/BookmarkRecipe.entitlements;
				CODE_SIGN_IDENTITY = "iPhone Developer";
				"CODE_SIGN_IDENTITY[sdk=iphoneos*]" = "iPhone Developer";
				INFOPLIST_FILE = BookmarkRecipe/Info.plist;
				LD_RUNPATH_SEARCH_PATHS = "$(inherited) @executable_path/Frameworks";
				PRODUCT_NAME = "$(TARGET_NAME)";
				PROVISIONING_PROFILE = "";
			};
			name = Release;
		};
		F31D92001AFC00EC00E0EAEC /* Debug */ = {
			isa = XCBuildConfiguration;
			buildSettings = {
				BUNDLE_LOADER = "$(TEST_HOST)";
				FRAMEWORK_SEARCH_PATHS = (
					"$(SDKROOT)/Developer/Library/Frameworks",
					"$(inherited)",
				);
				GCC_PREPROCESSOR_DEFINITIONS = (
					"DEBUG=1",
					"$(inherited)",
				);
				INFOPLIST_FILE = BookmarkRecipeTests/Info.plist;
				LD_RUNPATH_SEARCH_PATHS = "$(inherited) @executable_path/Frameworks @loader_path/Frameworks";
				PRODUCT_NAME = "$(TARGET_NAME)";
				TEST_HOST = "$(BUILT_PRODUCTS_DIR)/BookmarkRecipe.app/BookmarkRecipe";
			};
			name = Debug;
		};
		F31D92011AFC00EC00E0EAEC /* Release */ = {
			isa = XCBuildConfiguration;
			buildSettings = {
				BUNDLE_LOADER = "$(TEST_HOST)";
				FRAMEWORK_SEARCH_PATHS = (
					"$(SDKROOT)/Developer/Library/Frameworks",
					"$(inherited)",
				);
				INFOPLIST_FILE = BookmarkRecipeTests/Info.plist;
				LD_RUNPATH_SEARCH_PATHS = "$(inherited) @executable_path/Frameworks @loader_path/Frameworks";
				PRODUCT_NAME = "$(TARGET_NAME)";
				TEST_HOST = "$(BUILT_PRODUCTS_DIR)/BookmarkRecipe.app/BookmarkRecipe";
			};
			name = Release;
		};
		F31D92121AFC010500E0EAEC /* Debug */ = {
			isa = XCBuildConfiguration;
			buildSettings = {
				CODE_SIGN_ENTITLEMENTS = Bookmarker/Bookmarker.entitlements;
				CODE_SIGN_IDENTITY = "iPhone Developer";
				"CODE_SIGN_IDENTITY[sdk=iphoneos*]" = "iPhone Developer";
				GCC_PREPROCESSOR_DEFINITIONS = (
					"DEBUG=1",
					"$(inherited)",
				);
				INFOPLIST_FILE = Bookmarker/Info.plist;
				LD_RUNPATH_SEARCH_PATHS = "$(inherited) @executable_path/Frameworks @executable_path/../../Frameworks";
				PRODUCT_NAME = "$(TARGET_NAME)";
				PROVISIONING_PROFILE = "";
				SKIP_INSTALL = YES;
			};
			name = Debug;
		};
		F31D92131AFC010500E0EAEC /* Release */ = {
			isa = XCBuildConfiguration;
			buildSettings = {
				CODE_SIGN_ENTITLEMENTS = Bookmarker/Bookmarker.entitlements;
				CODE_SIGN_IDENTITY = "iPhone Developer";
				"CODE_SIGN_IDENTITY[sdk=iphoneos*]" = "iPhone Developer";
				INFOPLIST_FILE = Bookmarker/Info.plist;
				LD_RUNPATH_SEARCH_PATHS = "$(inherited) @executable_path/Frameworks @executable_path/../../Frameworks";
				PRODUCT_NAME = "$(TARGET_NAME)";
				PROVISIONING_PROFILE = "";
				SKIP_INSTALL = YES;
			};
			name = Release;
		};
/* End XCBuildConfiguration section */

/* Begin XCConfigurationList section */
		F31D91D81AFC00EC00E0EAEC /* Build configuration list for PBXProject "BookmarkRecipe" */ = {
			isa = XCConfigurationList;
			buildConfigurations = (
				F31D91FA1AFC00EC00E0EAEC /* Debug */,
				F31D91FB1AFC00EC00E0EAEC /* Release */,
			);
			defaultConfigurationIsVisible = 0;
			defaultConfigurationName = Release;
		};
		F31D91FC1AFC00EC00E0EAEC /* Build configuration list for PBXNativeTarget "BookmarkRecipe" */ = {
			isa = XCConfigurationList;
			buildConfigurations = (
				F31D91FD1AFC00EC00E0EAEC /* Debug */,
				F31D91FE1AFC00EC00E0EAEC /* Release */,
			);
			defaultConfigurationIsVisible = 0;
		};
		F31D91FF1AFC00EC00E0EAEC /* Build configuration list for PBXNativeTarget "BookmarkRecipeTests" */ = {
			isa = XCConfigurationList;
			buildConfigurations = (
				F31D92001AFC00EC00E0EAEC /* Debug */,
				F31D92011AFC00EC00E0EAEC /* Release */,
			);
			defaultConfigurationIsVisible = 0;
		};
		F31D92111AFC010500E0EAEC /* Build configuration list for PBXNativeTarget "Bookmarker" */ = {
			isa = XCConfigurationList;
			buildConfigurations = (
				F31D92121AFC010500E0EAEC /* Debug */,
				F31D92131AFC010500E0EAEC /* Release */,
			);
			defaultConfigurationIsVisible = 0;
		};
/* End XCConfigurationList section */
	};
	rootObject = F31D91D51AFC00EC00E0EAEC /* Project object */;
}
