// !$*UTF8*$!
{
	archiveVersion = 1;
	classes = {
	};
	objectVersion = 46;
	objects = {

/* Begin PBXBuildFile section */
		F37C3CE71A6AE749009CF412 /* AppDelegate.swift in Sources */ = {isa = PBXBuildFile; fileRef = F37C3CE61A6AE749009CF412 /* AppDelegate.swift */; };
		F37C3CE91A6AE749009CF412 /* ViewController.swift in Sources */ = {isa = PBXBuildFile; fileRef = F37C3CE81A6AE749009CF412 /* ViewController.swift */; };
		F37C3CEC1A6AE749009CF412 /* Main.storyboard in Resources */ = {isa = PBXBuildFile; fileRef = F37C3CEA1A6AE749009CF412 /* Main.storyboard */; };
		F37C3CEE1A6AE749009CF412 /* Images.xcassets in Resources */ = {isa = PBXBuildFile; fileRef = F37C3CED1A6AE749009CF412 /* Images.xcassets */; };
		F37C3CF11A6AE749009CF412 /* LaunchScreen.xib in Resources */ = {isa = PBXBuildFile; fileRef = F37C3CEF1A6AE749009CF412 /* LaunchScreen.xib */; };
		F37C3CFD1A6AE749009CF412 /* UIButtonTests.swift in Sources */ = {isa = PBXBuildFile; fileRef = F37C3CFC1A6AE749009CF412 /* UIButtonTests.swift */; };
/* End PBXBuildFile section */

/* Begin PBXContainerItemProxy section */
		F37C3CF71A6AE749009CF412 /* PBXContainerItemProxy */ = {
			isa = PBXContainerItemProxy;
			containerPortal = F37C3CD91A6AE748009CF412 /* Project object */;
			proxyType = 1;
			remoteGlobalIDString = F37C3CE01A6AE748009CF412;
			remoteInfo = UIButton;
		};
/* End PBXContainerItemProxy section */

/* Begin PBXFileReference section */
		F37C3CE11A6AE748009CF412 /* UIButton.app */ = {isa = PBXFileReference; explicitFileType = wrapper.application; includeInIndex = 0; path = UIButton.app; sourceTree = BUILT_PRODUCTS_DIR; };
		F37C3CE51A6AE749009CF412 /* Info.plist */ = {isa = PBXFileReference; lastKnownFileType = text.plist.xml; path = Info.plist; sourceTree = "<group>"; };
		F37C3CE61A6AE749009CF412 /* AppDelegate.swift */ = {isa = PBXFileReference; lastKnownFileType = sourcecode.swift; path = AppDelegate.swift; sourceTree = "<group>"; };
		F37C3CE81A6AE749009CF412 /* ViewController.swift */ = {isa = PBXFileReference; lastKnownFileType = sourcecode.swift; path = ViewController.swift; sourceTree = "<group>"; };
		F37C3CEB1A6AE749009CF412 /* Base */ = {isa = PBXFileReference; lastKnownFileType = file.storyboard; name = Base; path = Base.lproj/Main.storyboard; sourceTree = "<group>"; };
		F37C3CED1A6AE749009CF412 /* Images.xcassets */ = {isa = PBXFileReference; lastKnownFileType = folder.assetcatalog; path = Images.xcassets; sourceTree = "<group>"; };
		F37C3CF01A6AE749009CF412 /* Base */ = {isa = PBXFileReference; lastKnownFileType = file.xib; name = Base; path = Base.lproj/LaunchScreen.xib; sourceTree = "<group>"; };
		F37C3CF61A6AE749009CF412 /* UIButtonTests.xctest */ = {isa = PBXFileReference; explicitFileType = wrapper.cfbundle; includeInIndex = 0; path = UIButtonTests.xctest; sourceTree = BUILT_PRODUCTS_DIR; };
		F37C3CFB1A6AE749009CF412 /* Info.plist */ = {isa = PBXFileReference; lastKnownFileType = text.plist.xml; path = Info.plist; sourceTree = "<group>"; };
		F37C3CFC1A6AE749009CF412 /* UIButtonTests.swift */ = {isa = PBXFileReference; lastKnownFileType = sourcecode.swift; path = UIButtonTests.swift; sourceTree = "<group>"; };
/* End PBXFileReference section */

/* Begin PBXFrameworksBuildPhase section */
		F37C3CDE1A6AE748009CF412 /* Frameworks */ = {
			isa = PBXFrameworksBuildPhase;
			buildActionMask = 2147483647;
			files = (
			);
			runOnlyForDeploymentPostprocessing = 0;
		};
		F37C3CF31A6AE749009CF412 /* Frameworks */ = {
			isa = PBXFrameworksBuildPhase;
			buildActionMask = 2147483647;
			files = (
			);
			runOnlyForDeploymentPostprocessing = 0;
		};
/* End PBXFrameworksBuildPhase section */

/* Begin PBXGroup section */
		F37C3CD81A6AE748009CF412 = {
			isa = PBXGroup;
			children = (
				F37C3CE31A6AE748009CF412 /* UIButton */,
				F37C3CF91A6AE749009CF412 /* UIButtonTests */,
				F37C3CE21A6AE748009CF412 /* Products */,
			);
			sourceTree = "<group>";
		};
		F37C3CE21A6AE748009CF412 /* Products */ = {
			isa = PBXGroup;
			children = (
				F37C3CE11A6AE748009CF412 /* UIButton.app */,
				F37C3CF61A6AE749009CF412 /* UIButtonTests.xctest */,
			);
			name = Products;
			sourceTree = "<group>";
		};
		F37C3CE31A6AE748009CF412 /* UIButton */ = {
			isa = PBXGroup;
			children = (
				F37C3CE61A6AE749009CF412 /* AppDelegate.swift */,
				F37C3CE81A6AE749009CF412 /* ViewController.swift */,
				F37C3CEA1A6AE749009CF412 /* Main.storyboard */,
				F37C3CED1A6AE749009CF412 /* Images.xcassets */,
				F37C3CEF1A6AE749009CF412 /* LaunchScreen.xib */,
				F37C3CE41A6AE748009CF412 /* Supporting Files */,
			);
			path = UIButton;
			sourceTree = "<group>";
		};
		F37C3CE41A6AE748009CF412 /* Supporting Files */ = {
			isa = PBXGroup;
			children = (
				F37C3CE51A6AE749009CF412 /* Info.plist */,
			);
			name = "Supporting Files";
			sourceTree = "<group>";
		};
		F37C3CF91A6AE749009CF412 /* UIButtonTests */ = {
			isa = PBXGroup;
			children = (
				F37C3CFC1A6AE749009CF412 /* UIButtonTests.swift */,
				F37C3CFA1A6AE749009CF412 /* Supporting Files */,
			);
			path = UIButtonTests;
			sourceTree = "<group>";
		};
		F37C3CFA1A6AE749009CF412 /* Supporting Files */ = {
			isa = PBXGroup;
			children = (
				F37C3CFB1A6AE749009CF412 /* Info.plist */,
			);
			name = "Supporting Files";
			sourceTree = "<group>";
		};
/* End PBXGroup section */

/* Begin PBXNativeTarget section */
		F37C3CE01A6AE748009CF412 /* UIButton */ = {
			isa = PBXNativeTarget;
			buildConfigurationList = F37C3D001A6AE749009CF412 /* Build configuration list for PBXNativeTarget "UIButton" */;
			buildPhases = (
				F37C3CDD1A6AE748009CF412 /* Sources */,
				F37C3CDE1A6AE748009CF412 /* Frameworks */,
				F37C3CDF1A6AE748009CF412 /* Resources */,
			);
			buildRules = (
			);
			dependencies = (
			);
			name = UIButton;
			productName = UIButton;
			productReference = F37C3CE11A6AE748009CF412 /* UIButton.app */;
			productType = "com.apple.product-type.application";
		};
		F37C3CF51A6AE749009CF412 /* UIButtonTests */ = {
			isa = PBXNativeTarget;
			buildConfigurationList = F37C3D031A6AE749009CF412 /* Build configuration list for PBXNativeTarget "UIButtonTests" */;
			buildPhases = (
				F37C3CF21A6AE749009CF412 /* Sources */,
				F37C3CF31A6AE749009CF412 /* Frameworks */,
				F37C3CF41A6AE749009CF412 /* Resources */,
			);
			buildRules = (
			);
			dependencies = (
				F37C3CF81A6AE749009CF412 /* PBXTargetDependency */,
			);
			name = UIButtonTests;
			productName = UIButtonTests;
			productReference = F37C3CF61A6AE749009CF412 /* UIButtonTests.xctest */;
			productType = "com.apple.product-type.bundle.unit-test";
		};
/* End PBXNativeTarget section */

/* Begin PBXProject section */
		F37C3CD91A6AE748009CF412 /* Project object */ = {
			isa = PBXProject;
			attributes = {
				LastUpgradeCheck = 0610;
				ORGANIZATIONNAME = Apress;
				TargetAttributes = {
					F37C3CE01A6AE748009CF412 = {
						CreatedOnToolsVersion = 6.1.1;
					};
					F37C3CF51A6AE749009CF412 = {
						CreatedOnToolsVersion = 6.1.1;
						TestTargetID = F37C3CE01A6AE748009CF412;
					};
				};
			};
			buildConfigurationList = F37C3CDC1A6AE748009CF412 /* Build configuration list for PBXProject "UIButton" */;
			compatibilityVersion = "Xcode 3.2";
			developmentRegion = English;
			hasScannedForEncodings = 0;
			knownRegions = (
				en,
				Base,
			);
			mainGroup = F37C3CD81A6AE748009CF412;
			productRefGroup = F37C3CE21A6AE748009CF412 /* Products */;
			projectDirPath = "";
			projectRoot = "";
			targets = (
				F37C3CE01A6AE748009CF412 /* UIButton */,
				F37C3CF51A6AE749009CF412 /* UIButtonTests */,
			);
		};
/* End PBXProject section */

/* Begin PBXResourcesBuildPhase section */
		F37C3CDF1A6AE748009CF412 /* Resources */ = {
			isa = PBXResourcesBuildPhase;
			buildActionMask = 2147483647;
			files = (
				F37C3CEC1A6AE749009CF412 /* Main.storyboard in Resources */,
				F37C3CF11A6AE749009CF412 /* LaunchScreen.xib in Resources */,
				F37C3CEE1A6AE749009CF412 /* Images.xcassets in Resources */,
			);
			runOnlyForDeploymentPostprocessing = 0;
		};
		F37C3CF41A6AE749009CF412 /* Resources */ = {
			isa = PBXResourcesBuildPhase;
			buildActionMask = 2147483647;
			files = (
			);
			runOnlyForDeploymentPostprocessing = 0;
		};
/* End PBXResourcesBuildPhase section */

/* Begin PBXSourcesBuildPhase section */
		F37C3CDD1A6AE748009CF412 /* Sources */ = {
			isa = PBXSourcesBuildPhase;
			buildActionMask = 2147483647;
			files = (
				F37C3CE91A6AE749009CF412 /* ViewController.swift in Sources */,
				F37C3CE71A6AE749009CF412 /* AppDelegate.swift in Sources */,
			);
			runOnlyForDeploymentPostprocessing = 0;
		};
		F37C3CF21A6AE749009CF412 /* Sources */ = {
			isa = PBXSourcesBuildPhase;
			buildActionMask = 2147483647;
			files = (
				F37C3CFD1A6AE749009CF412 /* UIButtonTests.swift in Sources */,
			);
			runOnlyForDeploymentPostprocessing = 0;
		};
/* End PBXSourcesBuildPhase section */

/* Begin PBXTargetDependency section */
		F37C3CF81A6AE749009CF412 /* PBXTargetDependency */ = {
			isa = PBXTargetDependency;
			target = F37C3CE01A6AE748009CF412 /* UIButton */;
			targetProxy = F37C3CF71A6AE749009CF412 /* PBXContainerItemProxy */;
		};
/* End PBXTargetDependency section */

/* Begin PBXVariantGroup section */
		F37C3CEA1A6AE749009CF412 /* Main.storyboard */ = {
			isa = PBXVariantGroup;
			children = (
				F37C3CEB1A6AE749009CF412 /* Base */,
			);
			name = Main.storyboard;
			sourceTree = "<group>";
		};
		F37C3CEF1A6AE749009CF412 /* LaunchScreen.xib */ = {
			isa = PBXVariantGroup;
			children = (
				F37C3CF01A6AE749009CF412 /* Base */,
			);
			name = LaunchScreen.xib;
			sourceTree = "<group>";
		};
/* End PBXVariantGroup section */

/* Begin XCBuildConfiguration section */
		F37C3CFE1A6AE749009CF412 /* Debug */ = {
			isa = XCBuildConfiguration;
			buildSettings = {
				ALWAYS_SEARCH_USER_PATHS = NO;
				CLANG_CXX_LANGUAGE_STANDARD = "gnu++0x";
				CLANG_CXX_LIBRARY = "libc++";
				CLANG_ENABLE_MODULES = YES;
				CLANG_ENABLE_OBJC_ARC = YES;
				CLANG_WARN_BOOL_CONVERSION = YES;
				CLANG_WARN_CONSTANT_CONVERSION = YES;
				CLANG_WARN_DIRECT_OBJC_ISA_USAGE = YES_ERROR;
				CLANG_WARN_EMPTY_BODY = YES;
				CLANG_WARN_ENUM_CONVERSION = YES;
				CLANG_WARN_INT_CONVERSION = YES;
				CLANG_WARN_OBJC_ROOT_CLASS = YES_ERROR;
				CLANG_WARN_UNREACHABLE_CODE = YES;
				CLANG_WARN__DUPLICATE_METHOD_MATCH = YES;
				"CODE_SIGN_IDENTITY[sdk=iphoneos*]" = "iPhone Developer";
				COPY_PHASE_STRIP = NO;
				ENABLE_STRICT_OBJC_MSGSEND = YES;
				GCC_C_LANGUAGE_STANDARD = gnu99;
				GCC_DYNAMIC_NO_PIC = NO;
				GCC_OPTIMIZATION_LEVEL = 0;
				GCC_PREPROCESSOR_DEFINITIONS = (
					"DEBUG=1",
					"$(inherited)",
				);
				GCC_SYMBOLS_PRIVATE_EXTERN = NO;
				GCC_WARN_64_TO_32_BIT_CONVERSION = YES;
				GCC_WARN_ABOUT_RETURN_TYPE = YES_ERROR;
				GCC_WARN_UNDECLARED_SELECTOR = YES;
				GCC_WARN_UNINITIALIZED_AUTOS = YES_AGGRESSIVE;
				GCC_WARN_UNUSED_FUNCTION = YES;
				GCC_WARN_UNUSED_VARIABLE = YES;
				IPHONEOS_DEPLOYMENT_TARGET = 8.1;
				MTL_ENABLE_DEBUG_INFO = YES;
				ONLY_ACTIVE_ARCH = YES;
				SDKROOT = iphoneos;
				SWIFT_OPTIMIZATION_LEVEL = "-Onone";
				TARGETED_DEVICE_FAMILY = "1,2";
			};
			name = Debug;
		};
		F37C3CFF1A6AE749009CF412 /* Release */ = {
			isa = XCBuildConfiguration;
			buildSettings = {
				ALWAYS_SEARCH_USER_PATHS = NO;
				CLANG_CXX_LANGUAGE_STANDARD = "gnu++0x";
				CLANG_CXX_LIBRARY = "libc++";
				CLANG_ENABLE_MODULES = YES;
				CLANG_ENABLE_OBJC_ARC = YES;
				CLANG_WARN_BOOL_CONVERSION = YES;
				CLANG_WARN_CONSTANT_CONVERSION = YES;
				CLANG_WARN_DIRECT_OBJC_ISA_USAGE = YES_ERROR;
				CLANG_WARN_EMPTY_BODY = YES;
				CLANG_WARN_ENUM_CONVERSION = YES;
				CLANG_WARN_INT_CONVERSION = YES;
				CLANG_WARN_OBJC_ROOT_CLASS = YES_ERROR;
				CLANG_WARN_UNREACHABLE_CODE = YES;
				CLANG_WARN__DUPLICATE_METHOD_MATCH = YES;
				"CODE_SIGN_IDENTITY[sdk=iphoneos*]" = "iPhone Developer";
				COPY_PHASE_STRIP = YES;
				ENABLE_NS_ASSERTIONS = NO;
				ENABLE_STRICT_OBJC_MSGSEND = YES;
				GCC_C_LANGUAGE_STANDARD = gnu99;
				GCC_WARN_64_TO_32_BIT_CONVERSION = YES;
				GCC_WARN_ABOUT_RETURN_TYPE = YES_ERROR;
				GCC_WARN_UNDECLARED_SELECTOR = YES;
				GCC_WARN_UNINITIALIZED_AUTOS = YES_AGGRESSIVE;
				GCC_WARN_UNUSED_FUNCTION = YES;
				GCC_WARN_UNUSED_VARIABLE = YES;
				IPHONEOS_DEPLOYMENT_TARGET = 8.1;
				MTL_ENABLE_DEBUG_INFO = NO;
				SDKROOT = iphoneos;
				TARGETED_DEVICE_FAMILY = "1,2";
				VALIDATE_PRODUCT = YES;
			};
			name = Release;
		};
		F37C3D011A6AE749009CF412 /* Debug */ = {
			isa = XCBuildConfiguration;
			buildSettings = {
				ASSETCATALOG_COMPILER_APPICON_NAME = AppIcon;
				INFOPLIST_FILE = UIButton/Info.plist;
				LD_RUNPATH_SEARCH_PATHS = "$(inherited) @executable_path/Frameworks";
				PRODUCT_NAME = "$(TARGET_NAME)";
			};
			name = Debug;
		};
		F37C3D021A6AE749009CF412 /* Release */ = {
			isa = XCBuildConfiguration;
			buildSettings = {
				ASSETCATALOG_COMPILER_APPICON_NAME = AppIcon;
				INFOPLIST_FILE = UIButton/Info.plist;
				LD_RUNPATH_SEARCH_PATHS = "$(inherited) @executable_path/Frameworks";
				PRODUCT_NAME = "$(TARGET_NAME)";
			};
			name = Release;
		};
		F37C3D041A6AE749009CF412 /* Debug */ = {
			isa = XCBuildConfiguration;
			buildSettings = {
				BUNDLE_LOADER = "$(TEST_HOST)";
				FRAMEWORK_SEARCH_PATHS = (
					"$(SDKROOT)/Developer/Library/Frameworks",
					"$(inherited)",
				);
				GCC_PREPROCESSOR_DEFINITIONS = (
					"DEBUG=1",
					"$(inherited)",
				);
				INFOPLIST_FILE = UIButtonTests/Info.plist;
				LD_RUNPATH_SEARCH_PATHS = "$(inherited) @executable_path/Frameworks @loader_path/Frameworks";
				PRODUCT_NAME = "$(TARGET_NAME)";
				TEST_HOST = "$(BUILT_PRODUCTS_DIR)/UIButton.app/UIButton";
			};
			name = Debug;
		};
		F37C3D051A6AE749009CF412 /* Release */ = {
			isa = XCBuildConfiguration;
			buildSettings = {
				BUNDLE_LOADER = "$(TEST_HOST)";
				FRAMEWORK_SEARCH_PATHS = (
					"$(SDKROOT)/Developer/Library/Frameworks",
					"$(inherited)",
				);
				INFOPLIST_FILE = UIButtonTests/Info.plist;
				LD_RUNPATH_SEARCH_PATHS = "$(inherited) @executable_path/Frameworks @loader_path/Frameworks";
				PRODUCT_NAME = "$(TARGET_NAME)";
				TEST_HOST = "$(BUILT_PRODUCTS_DIR)/UIButton.app/UIButton";
			};
			name = Release;
		};
/* End XCBuildConfiguration section */

/* Begin XCConfigurationList section */
		F37C3CDC1A6AE748009CF412 /* Build configuration list for PBXProject "UIButton" */ = {
			isa = XCConfigurationList;
			buildConfigurations = (
				F37C3CFE1A6AE749009CF412 /* Debug */,
				F37C3CFF1A6AE749009CF412 /* Release */,
			);
			defaultConfigurationIsVisible = 0;
			defaultConfigurationName = Release;
		};
		F37C3D001A6AE749009CF412 /* Build configuration list for PBXNativeTarget "UIButton" */ = {
			isa = XCConfigurationList;
			buildConfigurations = (
				F37C3D011A6AE749009CF412 /* Debug */,
				F37C3D021A6AE749009CF412 /* Release */,
			);
			defaultConfigurationIsVisible = 0;
		};
		F37C3D031A6AE749009CF412 /* Build configuration list for PBXNativeTarget "UIButtonTests" */ = {
			isa = XCConfigurationList;
			buildConfigurations = (
				F37C3D041A6AE749009CF412 /* Debug */,
				F37C3D051A6AE749009CF412 /* Release */,
			);
			defaultConfigurationIsVisible = 0;
		};
/* End XCConfigurationList section */
	};
	rootObject = F37C3CD91A6AE748009CF412 /* Project object */;
}
